// !$*UTF8*$!
{
	archiveVersion = 1;
	classes = {
	};
	objectVersion = 56;
	objects = {

/* Begin PBXBuildFile section */
		10A3AA872394516178730CD7 /* Pods_MyPath.framework in Frameworks */ = {isa = PBXBuildFile; fileRef = F76BFD372843E6C5A9786DA1 /* Pods_MyPath.framework */; };
		1111DBE12CFA67CA0069C69D /* TargetTaskService.swift in Sources */ = {isa = PBXBuildFile; fileRef = 1111DBE02CFA67CA0069C69D /* TargetTaskService.swift */; };
		1111DBE22CFA67CA0069C69D /* TargetTaskService.swift in Sources */ = {isa = PBXBuildFile; fileRef = 1111DBE02CFA67CA0069C69D /* TargetTaskService.swift */; };
		117CAD882CFA34EF00CF18ED /* TargetRepository.swift in Sources */ = {isa = PBXBuildFile; fileRef = 117CAD782CFA34EF00CF18ED /* TargetRepository.swift */; };
		117CAD892CFA34F000CF18ED /* TargetRepository.swift in Sources */ = {isa = PBXBuildFile; fileRef = 117CAD782CFA34EF00CF18ED /* TargetRepository.swift */; };
		117CAD8A2CFA34F000CF18ED /* TargetRepository.swift in Sources */ = {isa = PBXBuildFile; fileRef = 117CAD782CFA34EF00CF18ED /* TargetRepository.swift */; };
		117CAD8B2CFA34F000CF18ED /* TaskRepository.swift in Sources */ = {isa = PBXBuildFile; fileRef = 117CAD792CFA34EF00CF18ED /* TaskRepository.swift */; };
		117CAD8C2CFA34F000CF18ED /* TaskRepository.swift in Sources */ = {isa = PBXBuildFile; fileRef = 117CAD792CFA34EF00CF18ED /* TaskRepository.swift */; };
		117CAD8D2CFA34F000CF18ED /* TaskRepository.swift in Sources */ = {isa = PBXBuildFile; fileRef = 117CAD792CFA34EF00CF18ED /* TaskRepository.swift */; };
		117CAD8E2CFA34F000CF18ED /* CreateTargetDataSource.swift in Sources */ = {isa = PBXBuildFile; fileRef = 117CAD7C2CFA34EF00CF18ED /* CreateTargetDataSource.swift */; };
		117CAD8F2CFA34F000CF18ED /* CreateTargetDataSource.swift in Sources */ = {isa = PBXBuildFile; fileRef = 117CAD7C2CFA34EF00CF18ED /* CreateTargetDataSource.swift */; };
		117CAD902CFA34F000CF18ED /* CreateTargetDataSource.swift in Sources */ = {isa = PBXBuildFile; fileRef = 117CAD7C2CFA34EF00CF18ED /* CreateTargetDataSource.swift */; };
		117CAD912CFA34F000CF18ED /* CreateTargetModelView.swift in Sources */ = {isa = PBXBuildFile; fileRef = 117CAD7F2CFA34EF00CF18ED /* CreateTargetModelView.swift */; };
		117CAD922CFA34F000CF18ED /* CreateTargetModelView.swift in Sources */ = {isa = PBXBuildFile; fileRef = 117CAD7F2CFA34EF00CF18ED /* CreateTargetModelView.swift */; };
		117CAD932CFA34F000CF18ED /* CreateTargetModelView.swift in Sources */ = {isa = PBXBuildFile; fileRef = 117CAD7F2CFA34EF00CF18ED /* CreateTargetModelView.swift */; };
		117CAD942CFA34F000CF18ED /* ContentView.swift in Sources */ = {isa = PBXBuildFile; fileRef = 117CAD822CFA34EF00CF18ED /* ContentView.swift */; };
		117CAD952CFA34F000CF18ED /* ContentView.swift in Sources */ = {isa = PBXBuildFile; fileRef = 117CAD822CFA34EF00CF18ED /* ContentView.swift */; };
		117CAD962CFA34F000CF18ED /* ContentView.swift in Sources */ = {isa = PBXBuildFile; fileRef = 117CAD822CFA34EF00CF18ED /* ContentView.swift */; };
		117CAD972CFA34F000CF18ED /* CreateTargetView.swift in Sources */ = {isa = PBXBuildFile; fileRef = 117CAD842CFA34EF00CF18ED /* CreateTargetView.swift */; };
		117CAD982CFA34F000CF18ED /* CreateTargetView.swift in Sources */ = {isa = PBXBuildFile; fileRef = 117CAD842CFA34EF00CF18ED /* CreateTargetView.swift */; };
		117CAD992CFA34F000CF18ED /* CreateTargetView.swift in Sources */ = {isa = PBXBuildFile; fileRef = 117CAD842CFA34EF00CF18ED /* CreateTargetView.swift */; };
		117CAD9F2CFA35AB00CF18ED /* TaskEnums.swift in Sources */ = {isa = PBXBuildFile; fileRef = 117CAD9E2CFA35AB00CF18ED /* TaskEnums.swift */; };
		117CADA02CFA35AB00CF18ED /* TaskEnums.swift in Sources */ = {isa = PBXBuildFile; fileRef = 117CAD9E2CFA35AB00CF18ED /* TaskEnums.swift */; };
		117CADA12CFA35AB00CF18ED /* TaskEnums.swift in Sources */ = {isa = PBXBuildFile; fileRef = 117CAD9E2CFA35AB00CF18ED /* TaskEnums.swift */; };
		117CADA42CFA35CE00CF18ED /* TargetEntity.swift in Sources */ = {isa = PBXBuildFile; fileRef = 117CADA32CFA35CE00CF18ED /* TargetEntity.swift */; };
		117CADA52CFA35CE00CF18ED /* TargetEntity.swift in Sources */ = {isa = PBXBuildFile; fileRef = 117CADA32CFA35CE00CF18ED /* TargetEntity.swift */; };
		117CADA62CFA35CE00CF18ED /* TargetEntity.swift in Sources */ = {isa = PBXBuildFile; fileRef = 117CADA32CFA35CE00CF18ED /* TargetEntity.swift */; };
		117CADA82CFA35D500CF18ED /* TaskEntity.swift in Sources */ = {isa = PBXBuildFile; fileRef = 117CADA72CFA35D500CF18ED /* TaskEntity.swift */; };
		117CADA92CFA35D500CF18ED /* TaskEntity.swift in Sources */ = {isa = PBXBuildFile; fileRef = 117CADA72CFA35D500CF18ED /* TaskEntity.swift */; };
		117CADAA2CFA35D500CF18ED /* TaskEntity.swift in Sources */ = {isa = PBXBuildFile; fileRef = 117CADA72CFA35D500CF18ED /* TaskEntity.swift */; };
		1187F12B2CF4ED720068B243 /* MyPathApp.swift in Sources */ = {isa = PBXBuildFile; fileRef = 1187F12A2CF4ED720068B243 /* MyPathApp.swift */; };
		1187F1312CF4ED750068B243 /* Assets.xcassets in Resources */ = {isa = PBXBuildFile; fileRef = 1187F1302CF4ED750068B243 /* Assets.xcassets */; };
		1187F1342CF4ED750068B243 /* Preview Assets.xcassets in Resources */ = {isa = PBXBuildFile; fileRef = 1187F1332CF4ED750068B243 /* Preview Assets.xcassets */; };
		1187F13E2CF4ED760068B243 /* MyPathTests.swift in Sources */ = {isa = PBXBuildFile; fileRef = 1187F13D2CF4ED760068B243 /* MyPathTests.swift */; };
		1187F1482CF4ED760068B243 /* MyPathUITests.swift in Sources */ = {isa = PBXBuildFile; fileRef = 1187F1472CF4ED760068B243 /* MyPathUITests.swift */; };
		1187F14A2CF4ED760068B243 /* MyPathUITestsLaunchTests.swift in Sources */ = {isa = PBXBuildFile; fileRef = 1187F1492CF4ED760068B243 /* MyPathUITestsLaunchTests.swift */; };
		959750B532D7B633085B2D8E /* Pods_MyPath_MyPathUITests.framework in Frameworks */ = {isa = PBXBuildFile; fileRef = 49EB5E3453F7340430032AA9 /* Pods_MyPath_MyPathUITests.framework */; };
		A789C5583E3380ED0755577A /* Pods_MyPathTests.framework in Frameworks */ = {isa = PBXBuildFile; fileRef = 535299077C3B571A7093CAA6 /* Pods_MyPathTests.framework */; };
/* End PBXBuildFile section */

/* Begin PBXContainerItemProxy section */
		1187F13A2CF4ED760068B243 /* PBXContainerItemProxy */ = {
			isa = PBXContainerItemProxy;
			containerPortal = 1187F11F2CF4ED720068B243 /* Project object */;
			proxyType = 1;
			remoteGlobalIDString = 1187F1262CF4ED720068B243;
			remoteInfo = MyPath;
		};
		1187F1442CF4ED760068B243 /* PBXContainerItemProxy */ = {
			isa = PBXContainerItemProxy;
			containerPortal = 1187F11F2CF4ED720068B243 /* Project object */;
			proxyType = 1;
			remoteGlobalIDString = 1187F1262CF4ED720068B243;
			remoteInfo = MyPath;
		};
/* End PBXContainerItemProxy section */

/* Begin PBXFileReference section */
		1111DBE02CFA67CA0069C69D /* TargetTaskService.swift */ = {isa = PBXFileReference; lastKnownFileType = sourcecode.swift; path = TargetTaskService.swift; sourceTree = "<group>"; };
		117CAD782CFA34EF00CF18ED /* TargetRepository.swift */ = {isa = PBXFileReference; fileEncoding = 4; lastKnownFileType = sourcecode.swift; path = TargetRepository.swift; sourceTree = "<group>"; };
		117CAD792CFA34EF00CF18ED /* TaskRepository.swift */ = {isa = PBXFileReference; fileEncoding = 4; lastKnownFileType = sourcecode.swift; path = TaskRepository.swift; sourceTree = "<group>"; };
		117CAD7C2CFA34EF00CF18ED /* CreateTargetDataSource.swift */ = {isa = PBXFileReference; fileEncoding = 4; lastKnownFileType = sourcecode.swift; path = CreateTargetDataSource.swift; sourceTree = "<group>"; };
		117CAD7F2CFA34EF00CF18ED /* CreateTargetModelView.swift */ = {isa = PBXFileReference; fileEncoding = 4; lastKnownFileType = sourcecode.swift; path = CreateTargetModelView.swift; sourceTree = "<group>"; };
		117CAD822CFA34EF00CF18ED /* ContentView.swift */ = {isa = PBXFileReference; fileEncoding = 4; lastKnownFileType = sourcecode.swift; path = ContentView.swift; sourceTree = "<group>"; };
		117CAD842CFA34EF00CF18ED /* CreateTargetView.swift */ = {isa = PBXFileReference; fileEncoding = 4; lastKnownFileType = sourcecode.swift; path = CreateTargetView.swift; sourceTree = "<group>"; };
		117CAD9E2CFA35AB00CF18ED /* TaskEnums.swift */ = {isa = PBXFileReference; fileEncoding = 4; lastKnownFileType = sourcecode.swift; path = TaskEnums.swift; sourceTree = "<group>"; };
		117CADA32CFA35CE00CF18ED /* TargetEntity.swift */ = {isa = PBXFileReference; lastKnownFileType = sourcecode.swift; path = TargetEntity.swift; sourceTree = "<group>"; };
		117CADA72CFA35D500CF18ED /* TaskEntity.swift */ = {isa = PBXFileReference; lastKnownFileType = sourcecode.swift; path = TaskEntity.swift; sourceTree = "<group>"; };
		1187F1272CF4ED720068B243 /* MyPath.app */ = {isa = PBXFileReference; explicitFileType = wrapper.application; includeInIndex = 0; path = MyPath.app; sourceTree = BUILT_PRODUCTS_DIR; };
		1187F12A2CF4ED720068B243 /* MyPathApp.swift */ = {isa = PBXFileReference; lastKnownFileType = sourcecode.swift; path = MyPathApp.swift; sourceTree = "<group>"; };
		1187F1302CF4ED750068B243 /* Assets.xcassets */ = {isa = PBXFileReference; lastKnownFileType = folder.assetcatalog; path = Assets.xcassets; sourceTree = "<group>"; };
		1187F1332CF4ED750068B243 /* Preview Assets.xcassets */ = {isa = PBXFileReference; lastKnownFileType = folder.assetcatalog; path = "Preview Assets.xcassets"; sourceTree = "<group>"; };
		1187F1392CF4ED760068B243 /* MyPathTests.xctest */ = {isa = PBXFileReference; explicitFileType = wrapper.cfbundle; includeInIndex = 0; path = MyPathTests.xctest; sourceTree = BUILT_PRODUCTS_DIR; };
		1187F13D2CF4ED760068B243 /* MyPathTests.swift */ = {isa = PBXFileReference; lastKnownFileType = sourcecode.swift; path = MyPathTests.swift; sourceTree = "<group>"; };
		1187F1432CF4ED760068B243 /* MyPathUITests.xctest */ = {isa = PBXFileReference; explicitFileType = wrapper.cfbundle; includeInIndex = 0; path = MyPathUITests.xctest; sourceTree = BUILT_PRODUCTS_DIR; };
		1187F1472CF4ED760068B243 /* MyPathUITests.swift */ = {isa = PBXFileReference; lastKnownFileType = sourcecode.swift; path = MyPathUITests.swift; sourceTree = "<group>"; };
		1187F1492CF4ED760068B243 /* MyPathUITestsLaunchTests.swift */ = {isa = PBXFileReference; lastKnownFileType = sourcecode.swift; path = MyPathUITestsLaunchTests.swift; sourceTree = "<group>"; };
		2840573C66FD3B84D23F0F66 /* Pods-MyPath.debug.xcconfig */ = {isa = PBXFileReference; includeInIndex = 1; lastKnownFileType = text.xcconfig; name = "Pods-MyPath.debug.xcconfig"; path = "Target Support Files/Pods-MyPath/Pods-MyPath.debug.xcconfig"; sourceTree = "<group>"; };
		3EFCDC624F1946A56D992222 /* Pods-MyPath-MyPathUITests.release.xcconfig */ = {isa = PBXFileReference; includeInIndex = 1; lastKnownFileType = text.xcconfig; name = "Pods-MyPath-MyPathUITests.release.xcconfig"; path = "Target Support Files/Pods-MyPath-MyPathUITests/Pods-MyPath-MyPathUITests.release.xcconfig"; sourceTree = "<group>"; };
		49EB5E3453F7340430032AA9 /* Pods_MyPath_MyPathUITests.framework */ = {isa = PBXFileReference; explicitFileType = wrapper.framework; includeInIndex = 0; path = Pods_MyPath_MyPathUITests.framework; sourceTree = BUILT_PRODUCTS_DIR; };
		4E9C2F702799B629E8B75685 /* Pods-MyPathTests.release.xcconfig */ = {isa = PBXFileReference; includeInIndex = 1; lastKnownFileType = text.xcconfig; name = "Pods-MyPathTests.release.xcconfig"; path = "Target Support Files/Pods-MyPathTests/Pods-MyPathTests.release.xcconfig"; sourceTree = "<group>"; };
		535299077C3B571A7093CAA6 /* Pods_MyPathTests.framework */ = {isa = PBXFileReference; explicitFileType = wrapper.framework; includeInIndex = 0; path = Pods_MyPathTests.framework; sourceTree = BUILT_PRODUCTS_DIR; };
		74E7582B3B3132192F04A32C /* Pods-MyPath-MyPathUITests.debug.xcconfig */ = {isa = PBXFileReference; includeInIndex = 1; lastKnownFileType = text.xcconfig; name = "Pods-MyPath-MyPathUITests.debug.xcconfig"; path = "Target Support Files/Pods-MyPath-MyPathUITests/Pods-MyPath-MyPathUITests.debug.xcconfig"; sourceTree = "<group>"; };
		C862917ECA9C179A38BBEC44 /* Pods-MyPath.release.xcconfig */ = {isa = PBXFileReference; includeInIndex = 1; lastKnownFileType = text.xcconfig; name = "Pods-MyPath.release.xcconfig"; path = "Target Support Files/Pods-MyPath/Pods-MyPath.release.xcconfig"; sourceTree = "<group>"; };
		F29BA282AA5382580F62E531 /* Pods-MyPathTests.debug.xcconfig */ = {isa = PBXFileReference; includeInIndex = 1; lastKnownFileType = text.xcconfig; name = "Pods-MyPathTests.debug.xcconfig"; path = "Target Support Files/Pods-MyPathTests/Pods-MyPathTests.debug.xcconfig"; sourceTree = "<group>"; };
		F76BFD372843E6C5A9786DA1 /* Pods_MyPath.framework */ = {isa = PBXFileReference; explicitFileType = wrapper.framework; includeInIndex = 0; path = Pods_MyPath.framework; sourceTree = BUILT_PRODUCTS_DIR; };
/* End PBXFileReference section */

/* Begin PBXFrameworksBuildPhase section */
		1187F1242CF4ED720068B243 /* Frameworks */ = {
			isa = PBXFrameworksBuildPhase;
			buildActionMask = 2147483647;
			files = (
				10A3AA872394516178730CD7 /* Pods_MyPath.framework in Frameworks */,
			);
			runOnlyForDeploymentPostprocessing = 0;
		};
		1187F1362CF4ED760068B243 /* Frameworks */ = {
			isa = PBXFrameworksBuildPhase;
			buildActionMask = 2147483647;
			files = (
				A789C5583E3380ED0755577A /* Pods_MyPathTests.framework in Frameworks */,
			);
			runOnlyForDeploymentPostprocessing = 0;
		};
		1187F1402CF4ED760068B243 /* Frameworks */ = {
			isa = PBXFrameworksBuildPhase;
			buildActionMask = 2147483647;
			files = (
				959750B532D7B633085B2D8E /* Pods_MyPath_MyPathUITests.framework in Frameworks */,
			);
			runOnlyForDeploymentPostprocessing = 0;
		};
/* End PBXFrameworksBuildPhase section */

/* Begin PBXGroup section */
		117CAD762CFA34EF00CF18ED /* TargetTask */ = {
			isa = PBXGroup;
			children = (
				117CAD9E2CFA35AB00CF18ED /* TaskEnums.swift */,
				117CADA32CFA35CE00CF18ED /* TargetEntity.swift */,
				117CADA72CFA35D500CF18ED /* TaskEntity.swift */,
			);
			path = TargetTask;
			sourceTree = "<group>";
		};
		117CAD772CFA34EF00CF18ED /* Models */ = {
			isa = PBXGroup;
			children = (
				117CAD762CFA34EF00CF18ED /* TargetTask */,
			);
			path = Models;
			sourceTree = "<group>";
		};
		117CAD7A2CFA34EF00CF18ED /* TargetTask */ = {
			isa = PBXGroup;
			children = (
				117CAD782CFA34EF00CF18ED /* TargetRepository.swift */,
				117CAD792CFA34EF00CF18ED /* TaskRepository.swift */,
			);
			path = TargetTask;
			sourceTree = "<group>";
		};
		117CAD7B2CFA34EF00CF18ED /* Repository */ = {
			isa = PBXGroup;
			children = (
				117CAD7A2CFA34EF00CF18ED /* TargetTask */,
			);
			path = Repository;
			sourceTree = "<group>";
		};
		117CAD7D2CFA34EF00CF18ED /* TargetTask */ = {
			isa = PBXGroup;
			children = (
				117CAD7C2CFA34EF00CF18ED /* CreateTargetDataSource.swift */,
				1111DBE02CFA67CA0069C69D /* TargetTaskService.swift */,
			);
			path = TargetTask;
			sourceTree = "<group>";
		};
		117CAD7E2CFA34EF00CF18ED /* Services */ = {
			isa = PBXGroup;
			children = (
				117CAD7D2CFA34EF00CF18ED /* TargetTask */,
			);
			path = Services;
			sourceTree = "<group>";
		};
		117CAD802CFA34EF00CF18ED /* Target */ = {
			isa = PBXGroup;
			children = (
				117CAD7F2CFA34EF00CF18ED /* CreateTargetModelView.swift */,
			);
			path = Target;
			sourceTree = "<group>";
		};
		117CAD812CFA34EF00CF18ED /* ViewModels */ = {
			isa = PBXGroup;
			children = (
				117CAD802CFA34EF00CF18ED /* Target */,
			);
			path = ViewModels;
			sourceTree = "<group>";
		};
		117CAD832CFA34EF00CF18ED /* Login */ = {
			isa = PBXGroup;
			children = (
				117CAD822CFA34EF00CF18ED /* ContentView.swift */,
			);
			path = Login;
			sourceTree = "<group>";
		};
		117CAD852CFA34EF00CF18ED /* Target */ = {
			isa = PBXGroup;
			children = (
				117CAD842CFA34EF00CF18ED /* CreateTargetView.swift */,
			);
			path = Target;
			sourceTree = "<group>";
		};
		117CAD862CFA34EF00CF18ED /* Views */ = {
			isa = PBXGroup;
			children = (
				117CAD832CFA34EF00CF18ED /* Login */,
				117CAD852CFA34EF00CF18ED /* Target */,
			);
			path = Views;
			sourceTree = "<group>";
		};
		117CAD872CFA34EF00CF18ED /* Sources */ = {
			isa = PBXGroup;
			children = (
				117CAD772CFA34EF00CF18ED /* Models */,
				117CAD7B2CFA34EF00CF18ED /* Repository */,
				117CAD7E2CFA34EF00CF18ED /* Services */,
				117CAD812CFA34EF00CF18ED /* ViewModels */,
				117CAD862CFA34EF00CF18ED /* Views */,
			);
			path = Sources;
			sourceTree = "<group>";
		};
		117CADA22CFA35B800CF18ED /* Resources */ = {
			isa = PBXGroup;
			children = (
				1187F1322CF4ED750068B243 /* Preview Content */,
				1187F1302CF4ED750068B243 /* Assets.xcassets */,
			);
			path = Resources;
			sourceTree = "<group>";
		};
		1187F11E2CF4ED720068B243 = {
			isa = PBXGroup;
			children = (
				1187F1292CF4ED720068B243 /* MyPath */,
				1187F13C2CF4ED760068B243 /* MyPathTests */,
				1187F1462CF4ED760068B243 /* MyPathUITests */,
				1187F1282CF4ED720068B243 /* Products */,
				DBFDCAE9C6AB7E97365AAB4D /* Pods */,
				5A4FB43E259F834F8EE806D0 /* Frameworks */,
			);
			sourceTree = "<group>";
		};
		1187F1282CF4ED720068B243 /* Products */ = {
			isa = PBXGroup;
			children = (
				1187F1272CF4ED720068B243 /* MyPath.app */,
				1187F1392CF4ED760068B243 /* MyPathTests.xctest */,
				1187F1432CF4ED760068B243 /* MyPathUITests.xctest */,
			);
			name = Products;
			sourceTree = "<group>";
		};
		1187F1292CF4ED720068B243 /* MyPath */ = {
			isa = PBXGroup;
			children = (
				117CADA22CFA35B800CF18ED /* Resources */,
				117CAD872CFA34EF00CF18ED /* Sources */,
				1187F12A2CF4ED720068B243 /* MyPathApp.swift */,
			);
			path = MyPath;
			sourceTree = "<group>";
		};
		1187F1322CF4ED750068B243 /* Preview Content */ = {
			isa = PBXGroup;
			children = (
				1187F1332CF4ED750068B243 /* Preview Assets.xcassets */,
			);
			path = "Preview Content";
			sourceTree = "<group>";
		};
		1187F13C2CF4ED760068B243 /* MyPathTests */ = {
			isa = PBXGroup;
			children = (
				1187F13D2CF4ED760068B243 /* MyPathTests.swift */,
			);
			path = MyPathTests;
			sourceTree = "<group>";
		};
		1187F1462CF4ED760068B243 /* MyPathUITests */ = {
			isa = PBXGroup;
			children = (
				1187F1472CF4ED760068B243 /* MyPathUITests.swift */,
				1187F1492CF4ED760068B243 /* MyPathUITestsLaunchTests.swift */,
			);
			path = MyPathUITests;
			sourceTree = "<group>";
		};
		5A4FB43E259F834F8EE806D0 /* Frameworks */ = {
			isa = PBXGroup;
			children = (
				F76BFD372843E6C5A9786DA1 /* Pods_MyPath.framework */,
				49EB5E3453F7340430032AA9 /* Pods_MyPath_MyPathUITests.framework */,
				535299077C3B571A7093CAA6 /* Pods_MyPathTests.framework */,
			);
			name = Frameworks;
			sourceTree = "<group>";
		};
		DBFDCAE9C6AB7E97365AAB4D /* Pods */ = {
			isa = PBXGroup;
			children = (
				2840573C66FD3B84D23F0F66 /* Pods-MyPath.debug.xcconfig */,
				C862917ECA9C179A38BBEC44 /* Pods-MyPath.release.xcconfig */,
				74E7582B3B3132192F04A32C /* Pods-MyPath-MyPathUITests.debug.xcconfig */,
				3EFCDC624F1946A56D992222 /* Pods-MyPath-MyPathUITests.release.xcconfig */,
				F29BA282AA5382580F62E531 /* Pods-MyPathTests.debug.xcconfig */,
				4E9C2F702799B629E8B75685 /* Pods-MyPathTests.release.xcconfig */,
			);
			path = Pods;
			sourceTree = "<group>";
		};
/* End PBXGroup section */

/* Begin PBXNativeTarget section */
		1187F1262CF4ED720068B243 /* MyPath */ = {
			isa = PBXNativeTarget;
			buildConfigurationList = 1187F14D2CF4ED760068B243 /* Build configuration list for PBXNativeTarget "MyPath" */;
			buildPhases = (
				FD1798DE3C919DEA6FB1BAAF /* [CP] Check Pods Manifest.lock */,
				1187F1232CF4ED720068B243 /* Sources */,
				1187F1242CF4ED720068B243 /* Frameworks */,
				1187F1252CF4ED720068B243 /* Resources */,
				D8B58BEEB27223D185FC76FB /* [CP] Embed Pods Frameworks */,
			);
			buildRules = (
			);
			dependencies = (
			);
			name = MyPath;
			productName = MyPath;
			productReference = 1187F1272CF4ED720068B243 /* MyPath.app */;
			productType = "com.apple.product-type.application";
		};
		1187F1382CF4ED760068B243 /* MyPathTests */ = {
			isa = PBXNativeTarget;
			buildConfigurationList = 1187F1502CF4ED760068B243 /* Build configuration list for PBXNativeTarget "MyPathTests" */;
			buildPhases = (
				F44B1096CD22B66AFD337996 /* [CP] Check Pods Manifest.lock */,
				1187F1352CF4ED760068B243 /* Sources */,
				1187F1362CF4ED760068B243 /* Frameworks */,
				1187F1372CF4ED760068B243 /* Resources */,
			);
			buildRules = (
			);
			dependencies = (
				1187F13B2CF4ED760068B243 /* PBXTargetDependency */,
			);
			name = MyPathTests;
			productName = MyPathTests;
			productReference = 1187F1392CF4ED760068B243 /* MyPathTests.xctest */;
			productType = "com.apple.product-type.bundle.unit-test";
		};
		1187F1422CF4ED760068B243 /* MyPathUITests */ = {
			isa = PBXNativeTarget;
			buildConfigurationList = 1187F1532CF4ED760068B243 /* Build configuration list for PBXNativeTarget "MyPathUITests" */;
			buildPhases = (
				92A3712822596952DE2F2687 /* [CP] Check Pods Manifest.lock */,
				1187F13F2CF4ED760068B243 /* Sources */,
				1187F1402CF4ED760068B243 /* Frameworks */,
				1187F1412CF4ED760068B243 /* Resources */,
				E2E87B8C43739963D912B879 /* [CP] Embed Pods Frameworks */,
			);
			buildRules = (
			);
			dependencies = (
				1187F1452CF4ED760068B243 /* PBXTargetDependency */,
			);
			name = MyPathUITests;
			productName = MyPathUITests;
			productReference = 1187F1432CF4ED760068B243 /* MyPathUITests.xctest */;
			productType = "com.apple.product-type.bundle.ui-testing";
		};
/* End PBXNativeTarget section */

/* Begin PBXProject section */
		1187F11F2CF4ED720068B243 /* Project object */ = {
			isa = PBXProject;
			attributes = {
				BuildIndependentTargetsInParallel = 1;
				LastSwiftUpdateCheck = 1540;
				LastUpgradeCheck = 1540;
				TargetAttributes = {
					1187F1262CF4ED720068B243 = {
						CreatedOnToolsVersion = 15.4;
					};
					1187F1382CF4ED760068B243 = {
						CreatedOnToolsVersion = 15.4;
						TestTargetID = 1187F1262CF4ED720068B243;
					};
					1187F1422CF4ED760068B243 = {
						CreatedOnToolsVersion = 15.4;
						TestTargetID = 1187F1262CF4ED720068B243;
					};
				};
			};
			buildConfigurationList = 1187F1222CF4ED720068B243 /* Build configuration list for PBXProject "MyPath" */;
			compatibilityVersion = "Xcode 14.0";
			developmentRegion = en;
			hasScannedForEncodings = 0;
			knownRegions = (
				en,
				Base,
			);
			mainGroup = 1187F11E2CF4ED720068B243;
			productRefGroup = 1187F1282CF4ED720068B243 /* Products */;
			projectDirPath = "";
			projectRoot = "";
			targets = (
				1187F1262CF4ED720068B243 /* MyPath */,
				1187F1382CF4ED760068B243 /* MyPathTests */,
				1187F1422CF4ED760068B243 /* MyPathUITests */,
			);
		};
/* End PBXProject section */

/* Begin PBXResourcesBuildPhase section */
		1187F1252CF4ED720068B243 /* Resources */ = {
			isa = PBXResourcesBuildPhase;
			buildActionMask = 2147483647;
			files = (
				1187F1342CF4ED750068B243 /* Preview Assets.xcassets in Resources */,
				1187F1312CF4ED750068B243 /* Assets.xcassets in Resources */,
			);
			runOnlyForDeploymentPostprocessing = 0;
		};
		1187F1372CF4ED760068B243 /* Resources */ = {
			isa = PBXResourcesBuildPhase;
			buildActionMask = 2147483647;
			files = (
			);
			runOnlyForDeploymentPostprocessing = 0;
		};
		1187F1412CF4ED760068B243 /* Resources */ = {
			isa = PBXResourcesBuildPhase;
			buildActionMask = 2147483647;
			files = (
			);
			runOnlyForDeploymentPostprocessing = 0;
		};
/* End PBXResourcesBuildPhase section */

/* Begin PBXShellScriptBuildPhase section */
		92A3712822596952DE2F2687 /* [CP] Check Pods Manifest.lock */ = {
			isa = PBXShellScriptBuildPhase;
			buildActionMask = 2147483647;
			files = (
			);
			inputFileListPaths = (
			);
			inputPaths = (
				"${PODS_PODFILE_DIR_PATH}/Podfile.lock",
				"${PODS_ROOT}/Manifest.lock",
			);
			name = "[CP] Check Pods Manifest.lock";
			outputFileListPaths = (
			);
			outputPaths = (
				"$(DERIVED_FILE_DIR)/Pods-MyPath-MyPathUITests-checkManifestLockResult.txt",
			);
			runOnlyForDeploymentPostprocessing = 0;
			shellPath = /bin/sh;
			shellScript = "diff \"${PODS_PODFILE_DIR_PATH}/Podfile.lock\" \"${PODS_ROOT}/Manifest.lock\" > /dev/null\nif [ $? != 0 ] ; then\n    # print error to STDERR\n    echo \"error: The sandbox is not in sync with the Podfile.lock. Run 'pod install' or update your CocoaPods installation.\" >&2\n    exit 1\nfi\n# This output is used by Xcode 'outputs' to avoid re-running this script phase.\necho \"SUCCESS\" > \"${SCRIPT_OUTPUT_FILE_0}\"\n";
			showEnvVarsInLog = 0;
		};
		D8B58BEEB27223D185FC76FB /* [CP] Embed Pods Frameworks */ = {
			isa = PBXShellScriptBuildPhase;
			buildActionMask = 2147483647;
			files = (
			);
			inputFileListPaths = (
				"${PODS_ROOT}/Target Support Files/Pods-MyPath/Pods-MyPath-frameworks-${CONFIGURATION}-input-files.xcfilelist",
			);
			name = "[CP] Embed Pods Frameworks";
			outputFileListPaths = (
				"${PODS_ROOT}/Target Support Files/Pods-MyPath/Pods-MyPath-frameworks-${CONFIGURATION}-output-files.xcfilelist",
			);
			runOnlyForDeploymentPostprocessing = 0;
			shellPath = /bin/sh;
			shellScript = "\"${PODS_ROOT}/Target Support Files/Pods-MyPath/Pods-MyPath-frameworks.sh\"\n";
			showEnvVarsInLog = 0;
		};
		E2E87B8C43739963D912B879 /* [CP] Embed Pods Frameworks */ = {
			isa = PBXShellScriptBuildPhase;
			buildActionMask = 2147483647;
			files = (
			);
			inputFileListPaths = (
				"${PODS_ROOT}/Target Support Files/Pods-MyPath-MyPathUITests/Pods-MyPath-MyPathUITests-frameworks-${CONFIGURATION}-input-files.xcfilelist",
			);
			name = "[CP] Embed Pods Frameworks";
			outputFileListPaths = (
				"${PODS_ROOT}/Target Support Files/Pods-MyPath-MyPathUITests/Pods-MyPath-MyPathUITests-frameworks-${CONFIGURATION}-output-files.xcfilelist",
			);
			runOnlyForDeploymentPostprocessing = 0;
			shellPath = /bin/sh;
			shellScript = "\"${PODS_ROOT}/Target Support Files/Pods-MyPath-MyPathUITests/Pods-MyPath-MyPathUITests-frameworks.sh\"\n";
			showEnvVarsInLog = 0;
		};
		F44B1096CD22B66AFD337996 /* [CP] Check Pods Manifest.lock */ = {
			isa = PBXShellScriptBuildPhase;
			buildActionMask = 2147483647;
			files = (
			);
			inputFileListPaths = (
			);
			inputPaths = (
				"${PODS_PODFILE_DIR_PATH}/Podfile.lock",
				"${PODS_ROOT}/Manifest.lock",
			);
			name = "[CP] Check Pods Manifest.lock";
			outputFileListPaths = (
			);
			outputPaths = (
				"$(DERIVED_FILE_DIR)/Pods-MyPathTests-checkManifestLockResult.txt",
			);
			runOnlyForDeploymentPostprocessing = 0;
			shellPath = /bin/sh;
			shellScript = "diff \"${PODS_PODFILE_DIR_PATH}/Podfile.lock\" \"${PODS_ROOT}/Manifest.lock\" > /dev/null\nif [ $? != 0 ] ; then\n    # print error to STDERR\n    echo \"error: The sandbox is not in sync with the Podfile.lock. Run 'pod install' or update your CocoaPods installation.\" >&2\n    exit 1\nfi\n# This output is used by Xcode 'outputs' to avoid re-running this script phase.\necho \"SUCCESS\" > \"${SCRIPT_OUTPUT_FILE_0}\"\n";
			showEnvVarsInLog = 0;
		};
		FD1798DE3C919DEA6FB1BAAF /* [CP] Check Pods Manifest.lock */ = {
			isa = PBXShellScriptBuildPhase;
			buildActionMask = 2147483647;
			files = (
			);
			inputFileListPaths = (
			);
			inputPaths = (
				"${PODS_PODFILE_DIR_PATH}/Podfile.lock",
				"${PODS_ROOT}/Manifest.lock",
			);
			name = "[CP] Check Pods Manifest.lock";
			outputFileListPaths = (
			);
			outputPaths = (
				"$(DERIVED_FILE_DIR)/Pods-MyPath-checkManifestLockResult.txt",
			);
			runOnlyForDeploymentPostprocessing = 0;
			shellPath = /bin/sh;
			shellScript = "diff \"${PODS_PODFILE_DIR_PATH}/Podfile.lock\" \"${PODS_ROOT}/Manifest.lock\" > /dev/null\nif [ $? != 0 ] ; then\n    # print error to STDERR\n    echo \"error: The sandbox is not in sync with the Podfile.lock. Run 'pod install' or update your CocoaPods installation.\" >&2\n    exit 1\nfi\n# This output is used by Xcode 'outputs' to avoid re-running this script phase.\necho \"SUCCESS\" > \"${SCRIPT_OUTPUT_FILE_0}\"\n";
			showEnvVarsInLog = 0;
		};
/* End PBXShellScriptBuildPhase section */

/* Begin PBXSourcesBuildPhase section */
		1187F1232CF4ED720068B243 /* Sources */ = {
			isa = PBXSourcesBuildPhase;
			buildActionMask = 2147483647;
			files = (
				117CAD882CFA34EF00CF18ED /* TargetRepository.swift in Sources */,
				117CAD942CFA34F000CF18ED /* ContentView.swift in Sources */,
				1111DBE12CFA67CA0069C69D /* TargetTaskService.swift in Sources */,
				117CAD8B2CFA34F000CF18ED /* TaskRepository.swift in Sources */,
				1187F12B2CF4ED720068B243 /* MyPathApp.swift in Sources */,
				117CAD8E2CFA34F000CF18ED /* CreateTargetDataSource.swift in Sources */,
				117CADA82CFA35D500CF18ED /* TaskEntity.swift in Sources */,
				117CAD912CFA34F000CF18ED /* CreateTargetModelView.swift in Sources */,
				117CAD9F2CFA35AB00CF18ED /* TaskEnums.swift in Sources */,
				117CADA42CFA35CE00CF18ED /* TargetEntity.swift in Sources */,
				117CAD972CFA34F000CF18ED /* CreateTargetView.swift in Sources */,
			);
			runOnlyForDeploymentPostprocessing = 0;
		};
		1187F1352CF4ED760068B243 /* Sources */ = {
			isa = PBXSourcesBuildPhase;
			buildActionMask = 2147483647;
			files = (
				117CAD8C2CFA34F000CF18ED /* TaskRepository.swift in Sources */,
				117CAD8F2CFA34F000CF18ED /* CreateTargetDataSource.swift in Sources */,
				1111DBE22CFA67CA0069C69D /* TargetTaskService.swift in Sources */,
				117CAD952CFA34F000CF18ED /* ContentView.swift in Sources */,
				117CAD892CFA34F000CF18ED /* TargetRepository.swift in Sources */,
				117CAD922CFA34F000CF18ED /* CreateTargetModelView.swift in Sources */,
				117CADA92CFA35D500CF18ED /* TaskEntity.swift in Sources */,
				1187F13E2CF4ED760068B243 /* MyPathTests.swift in Sources */,
				117CADA02CFA35AB00CF18ED /* TaskEnums.swift in Sources */,
				117CADA52CFA35CE00CF18ED /* TargetEntity.swift in Sources */,
				117CAD982CFA34F000CF18ED /* CreateTargetView.swift in Sources */,
			);
			runOnlyForDeploymentPostprocessing = 0;
		};
		1187F13F2CF4ED760068B243 /* Sources */ = {
			isa = PBXSourcesBuildPhase;
			buildActionMask = 2147483647;
			files = (
				117CAD8A2CFA34F000CF18ED /* TargetRepository.swift in Sources */,
				117CADAA2CFA35D500CF18ED /* TaskEntity.swift in Sources */,
				1187F1482CF4ED760068B243 /* MyPathUITests.swift in Sources */,
				117CAD962CFA34F000CF18ED /* ContentView.swift in Sources */,
				117CAD8D2CFA34F000CF18ED /* TaskRepository.swift in Sources */,
				1187F14A2CF4ED760068B243 /* MyPathUITestsLaunchTests.swift in Sources */,
				117CADA62CFA35CE00CF18ED /* TargetEntity.swift in Sources */,
				117CAD902CFA34F000CF18ED /* CreateTargetDataSource.swift in Sources */,
				117CADA12CFA35AB00CF18ED /* TaskEnums.swift in Sources */,
				117CAD932CFA34F000CF18ED /* CreateTargetModelView.swift in Sources */,
				117CAD992CFA34F000CF18ED /* CreateTargetView.swift in Sources */,
			);
			runOnlyForDeploymentPostprocessing = 0;
		};
/* End PBXSourcesBuildPhase section */

/* Begin PBXTargetDependency section */
		1187F13B2CF4ED760068B243 /* PBXTargetDependency */ = {
			isa = PBXTargetDependency;
			target = 1187F1262CF4ED720068B243 /* MyPath */;
			targetProxy = 1187F13A2CF4ED760068B243 /* PBXContainerItemProxy */;
		};
		1187F1452CF4ED760068B243 /* PBXTargetDependency */ = {
			isa = PBXTargetDependency;
			target = 1187F1262CF4ED720068B243 /* MyPath */;
			targetProxy = 1187F1442CF4ED760068B243 /* PBXContainerItemProxy */;
		};
/* End PBXTargetDependency section */

/* Begin XCBuildConfiguration section */
		1187F14B2CF4ED760068B243 /* Debug */ = {
			isa = XCBuildConfiguration;
			buildSettings = {
				ALWAYS_SEARCH_USER_PATHS = NO;
				ASSETCATALOG_COMPILER_GENERATE_SWIFT_ASSET_SYMBOL_EXTENSIONS = YES;
				CLANG_ANALYZER_NONNULL = YES;
				CLANG_ANALYZER_NUMBER_OBJECT_CONVERSION = YES_AGGRESSIVE;
				CLANG_CXX_LANGUAGE_STANDARD = "gnu++20";
				CLANG_ENABLE_MODULES = YES;
				CLANG_ENABLE_OBJC_ARC = YES;
				CLANG_ENABLE_OBJC_WEAK = YES;
				CLANG_WARN_BLOCK_CAPTURE_AUTORELEASING = YES;
				CLANG_WARN_BOOL_CONVERSION = YES;
				CLANG_WARN_COMMA = YES;
				CLANG_WARN_CONSTANT_CONVERSION = YES;
				CLANG_WARN_DEPRECATED_OBJC_IMPLEMENTATIONS = YES;
				CLANG_WARN_DIRECT_OBJC_ISA_USAGE = YES_ERROR;
				CLANG_WARN_DOCUMENTATION_COMMENTS = YES;
				CLANG_WARN_EMPTY_BODY = YES;
				CLANG_WARN_ENUM_CONVERSION = YES;
				CLANG_WARN_INFINITE_RECURSION = YES;
				CLANG_WARN_INT_CONVERSION = YES;
				CLANG_WARN_NON_LITERAL_NULL_CONVERSION = YES;
				CLANG_WARN_OBJC_IMPLICIT_RETAIN_SELF = YES;
				CLANG_WARN_OBJC_LITERAL_CONVERSION = YES;
				CLANG_WARN_OBJC_ROOT_CLASS = YES_ERROR;
				CLANG_WARN_QUOTED_INCLUDE_IN_FRAMEWORK_HEADER = YES;
				CLANG_WARN_RANGE_LOOP_ANALYSIS = YES;
				CLANG_WARN_STRICT_PROTOTYPES = YES;
				CLANG_WARN_SUSPICIOUS_MOVE = YES;
				CLANG_WARN_UNGUARDED_AVAILABILITY = YES_AGGRESSIVE;
				CLANG_WARN_UNREACHABLE_CODE = YES;
				CLANG_WARN__DUPLICATE_METHOD_MATCH = YES;
				COPY_PHASE_STRIP = NO;
				DEBUG_INFORMATION_FORMAT = dwarf;
				ENABLE_STRICT_OBJC_MSGSEND = YES;
				ENABLE_TESTABILITY = YES;
				ENABLE_USER_SCRIPT_SANDBOXING = YES;
				GCC_C_LANGUAGE_STANDARD = gnu17;
				GCC_DYNAMIC_NO_PIC = NO;
				GCC_NO_COMMON_BLOCKS = YES;
				GCC_OPTIMIZATION_LEVEL = 0;
				GCC_PREPROCESSOR_DEFINITIONS = (
					"DEBUG=1",
					"$(inherited)",
				);
				GCC_WARN_64_TO_32_BIT_CONVERSION = YES;
				GCC_WARN_ABOUT_RETURN_TYPE = YES_ERROR;
				GCC_WARN_UNDECLARED_SELECTOR = YES;
				GCC_WARN_UNINITIALIZED_AUTOS = YES_AGGRESSIVE;
				GCC_WARN_UNUSED_FUNCTION = YES;
				GCC_WARN_UNUSED_VARIABLE = YES;
				IPHONEOS_DEPLOYMENT_TARGET = 17.5;
				LOCALIZATION_PREFERS_STRING_CATALOGS = YES;
				MTL_ENABLE_DEBUG_INFO = INCLUDE_SOURCE;
				MTL_FAST_MATH = YES;
				ONLY_ACTIVE_ARCH = YES;
				SDKROOT = iphoneos;
				SWIFT_ACTIVE_COMPILATION_CONDITIONS = "DEBUG $(inherited)";
				SWIFT_OPTIMIZATION_LEVEL = "-Onone";
			};
			name = Debug;
		};
		1187F14C2CF4ED760068B243 /* Release */ = {
			isa = XCBuildConfiguration;
			buildSettings = {
				ALWAYS_SEARCH_USER_PATHS = NO;
				ASSETCATALOG_COMPILER_GENERATE_SWIFT_ASSET_SYMBOL_EXTENSIONS = YES;
				CLANG_ANALYZER_NONNULL = YES;
				CLANG_ANALYZER_NUMBER_OBJECT_CONVERSION = YES_AGGRESSIVE;
				CLANG_CXX_LANGUAGE_STANDARD = "gnu++20";
				CLANG_ENABLE_MODULES = YES;
				CLANG_ENABLE_OBJC_ARC = YES;
				CLANG_ENABLE_OBJC_WEAK = YES;
				CLANG_WARN_BLOCK_CAPTURE_AUTORELEASING = YES;
				CLANG_WARN_BOOL_CONVERSION = YES;
				CLANG_WARN_COMMA = YES;
				CLANG_WARN_CONSTANT_CONVERSION = YES;
				CLANG_WARN_DEPRECATED_OBJC_IMPLEMENTATIONS = YES;
				CLANG_WARN_DIRECT_OBJC_ISA_USAGE = YES_ERROR;
				CLANG_WARN_DOCUMENTATION_COMMENTS = YES;
				CLANG_WARN_EMPTY_BODY = YES;
				CLANG_WARN_ENUM_CONVERSION = YES;
				CLANG_WARN_INFINITE_RECURSION = YES;
				CLANG_WARN_INT_CONVERSION = YES;
				CLANG_WARN_NON_LITERAL_NULL_CONVERSION = YES;
				CLANG_WARN_OBJC_IMPLICIT_RETAIN_SELF = YES;
				CLANG_WARN_OBJC_LITERAL_CONVERSION = YES;
				CLANG_WARN_OBJC_ROOT_CLASS = YES_ERROR;
				CLANG_WARN_QUOTED_INCLUDE_IN_FRAMEWORK_HEADER = YES;
				CLANG_WARN_RANGE_LOOP_ANALYSIS = YES;
				CLANG_WARN_STRICT_PROTOTYPES = YES;
				CLANG_WARN_SUSPICIOUS_MOVE = YES;
				CLANG_WARN_UNGUARDED_AVAILABILITY = YES_AGGRESSIVE;
				CLANG_WARN_UNREACHABLE_CODE = YES;
				CLANG_WARN__DUPLICATE_METHOD_MATCH = YES;
				COPY_PHASE_STRIP = NO;
				DEBUG_INFORMATION_FORMAT = "dwarf-with-dsym";
				ENABLE_NS_ASSERTIONS = NO;
				ENABLE_STRICT_OBJC_MSGSEND = YES;
				ENABLE_USER_SCRIPT_SANDBOXING = YES;
				GCC_C_LANGUAGE_STANDARD = gnu17;
				GCC_NO_COMMON_BLOCKS = YES;
				GCC_WARN_64_TO_32_BIT_CONVERSION = YES;
				GCC_WARN_ABOUT_RETURN_TYPE = YES_ERROR;
				GCC_WARN_UNDECLARED_SELECTOR = YES;
				GCC_WARN_UNINITIALIZED_AUTOS = YES_AGGRESSIVE;
				GCC_WARN_UNUSED_FUNCTION = YES;
				GCC_WARN_UNUSED_VARIABLE = YES;
				IPHONEOS_DEPLOYMENT_TARGET = 17.5;
				LOCALIZATION_PREFERS_STRING_CATALOGS = YES;
				MTL_ENABLE_DEBUG_INFO = NO;
				MTL_FAST_MATH = YES;
				SDKROOT = iphoneos;
				SWIFT_COMPILATION_MODE = wholemodule;
				VALIDATE_PRODUCT = YES;
			};
			name = Release;
		};
		1187F14E2CF4ED760068B243 /* Debug */ = {
			isa = XCBuildConfiguration;
			baseConfigurationReference = 2840573C66FD3B84D23F0F66 /* Pods-MyPath.debug.xcconfig */;
			buildSettings = {
				ASSETCATALOG_COMPILER_APPICON_NAME = AppIcon;
				ASSETCATALOG_COMPILER_GLOBAL_ACCENT_COLOR_NAME = AccentColor;
				CODE_SIGN_STYLE = Automatic;
				CURRENT_PROJECT_VERSION = 1;
				DEVELOPMENT_ASSET_PATHS = "\"MyPath/Preview Content\"";
				DEVELOPMENT_TEAM = 7PSR4W6336;
				ENABLE_PREVIEWS = YES;
				GENERATE_INFOPLIST_FILE = YES;
				INFOPLIST_KEY_UIApplicationSceneManifest_Generation = YES;
				INFOPLIST_KEY_UIApplicationSupportsIndirectInputEvents = YES;
				INFOPLIST_KEY_UILaunchScreen_Generation = YES;
				INFOPLIST_KEY_UISupportedInterfaceOrientations_iPad = "UIInterfaceOrientationPortrait UIInterfaceOrientationPortraitUpsideDown UIInterfaceOrientationLandscapeLeft UIInterfaceOrientationLandscapeRight";
				INFOPLIST_KEY_UISupportedInterfaceOrientations_iPhone = "UIInterfaceOrientationPortrait UIInterfaceOrientationLandscapeLeft UIInterfaceOrientationLandscapeRight";
				LD_RUNPATH_SEARCH_PATHS = (
					"$(inherited)",
					"@executable_path/Frameworks",
				);
				MARKETING_VERSION = 1.0;
				PRODUCT_BUNDLE_IDENTIFIER = org.87f846b77a7d85eb.MyPath;
				PRODUCT_NAME = "$(TARGET_NAME)";
				SWIFT_EMIT_LOC_STRINGS = YES;
				SWIFT_VERSION = 5.0;
				TARGETED_DEVICE_FAMILY = "1,2";
			};
			name = Debug;
		};
		1187F14F2CF4ED760068B243 /* Release */ = {
			isa = XCBuildConfiguration;
			baseConfigurationReference = C862917ECA9C179A38BBEC44 /* Pods-MyPath.release.xcconfig */;
			buildSettings = {
				ASSETCATALOG_COMPILER_APPICON_NAME = AppIcon;
				ASSETCATALOG_COMPILER_GLOBAL_ACCENT_COLOR_NAME = AccentColor;
				CODE_SIGN_STYLE = Automatic;
				CURRENT_PROJECT_VERSION = 1;
				DEVELOPMENT_ASSET_PATHS = "\"MyPath/Preview Content\"";
				DEVELOPMENT_TEAM = 7PSR4W6336;
				ENABLE_PREVIEWS = YES;
				GENERATE_INFOPLIST_FILE = YES;
				INFOPLIST_KEY_UIApplicationSceneManifest_Generation = YES;
				INFOPLIST_KEY_UIApplicationSupportsIndirectInputEvents = YES;
				INFOPLIST_KEY_UILaunchScreen_Generation = YES;
				INFOPLIST_KEY_UISupportedInterfaceOrientations_iPad = "UIInterfaceOrientationPortrait UIInterfaceOrientationPortraitUpsideDown UIInterfaceOrientationLandscapeLeft UIInterfaceOrientationLandscapeRight";
				INFOPLIST_KEY_UISupportedInterfaceOrientations_iPhone = "UIInterfaceOrientationPortrait UIInterfaceOrientationLandscapeLeft UIInterfaceOrientationLandscapeRight";
				LD_RUNPATH_SEARCH_PATHS = (
					"$(inherited)",
					"@executable_path/Frameworks",
				);
				MARKETING_VERSION = 1.0;
				PRODUCT_BUNDLE_IDENTIFIER = org.87f846b77a7d85eb.MyPath;
				PRODUCT_NAME = "$(TARGET_NAME)";
				SWIFT_EMIT_LOC_STRINGS = YES;
				SWIFT_VERSION = 5.0;
				TARGETED_DEVICE_FAMILY = "1,2";
			};
			name = Release;
		};
		1187F1512CF4ED760068B243 /* Debug */ = {
			isa = XCBuildConfiguration;
			baseConfigurationReference = F29BA282AA5382580F62E531 /* Pods-MyPathTests.debug.xcconfig */;
			buildSettings = {
				ALWAYS_EMBED_SWIFT_STANDARD_LIBRARIES = YES;
				BUNDLE_LOADER = "$(TEST_HOST)";
				CODE_SIGN_STYLE = Automatic;
				CURRENT_PROJECT_VERSION = 1;
				DEVELOPMENT_TEAM = 7PSR4W6336;
				GENERATE_INFOPLIST_FILE = YES;
				IPHONEOS_DEPLOYMENT_TARGET = 17.5;
				MARKETING_VERSION = 1.0;
				PRODUCT_BUNDLE_IDENTIFIER = org.87f846b77a7d85eb.MyPathTests;
				PRODUCT_NAME = "$(TARGET_NAME)";
				SWIFT_EMIT_LOC_STRINGS = NO;
				SWIFT_VERSION = 5.0;
				TARGETED_DEVICE_FAMILY = "1,2";
				TEST_HOST = "$(BUILT_PRODUCTS_DIR)/MyPath.app/$(BUNDLE_EXECUTABLE_FOLDER_PATH)/MyPath";
			};
			name = Debug;
		};
		1187F1522CF4ED760068B243 /* Release */ = {
			isa = XCBuildConfiguration;
			baseConfigurationReference = 4E9C2F702799B629E8B75685 /* Pods-MyPathTests.release.xcconfig */;
			buildSettings = {
				ALWAYS_EMBED_SWIFT_STANDARD_LIBRARIES = YES;
				BUNDLE_LOADER = "$(TEST_HOST)";
				CODE_SIGN_STYLE = Automatic;
				CURRENT_PROJECT_VERSION = 1;
				DEVELOPMENT_TEAM = 7PSR4W6336;
				GENERATE_INFOPLIST_FILE = YES;
				IPHONEOS_DEPLOYMENT_TARGET = 17.5;
				MARKETING_VERSION = 1.0;
				PRODUCT_BUNDLE_IDENTIFIER = org.87f846b77a7d85eb.MyPathTests;
				PRODUCT_NAME = "$(TARGET_NAME)";
				SWIFT_EMIT_LOC_STRINGS = NO;
				SWIFT_VERSION = 5.0;
				TARGETED_DEVICE_FAMILY = "1,2";
				TEST_HOST = "$(BUILT_PRODUCTS_DIR)/MyPath.app/$(BUNDLE_EXECUTABLE_FOLDER_PATH)/MyPath";
			};
			name = Release;
		};
		1187F1542CF4ED760068B243 /* Debug */ = {
			isa = XCBuildConfiguration;
			baseConfigurationReference = 74E7582B3B3132192F04A32C /* Pods-MyPath-MyPathUITests.debug.xcconfig */;
			buildSettings = {
				ALWAYS_EMBED_SWIFT_STANDARD_LIBRARIES = YES;
				CODE_SIGN_STYLE = Automatic;
				CURRENT_PROJECT_VERSION = 1;
				DEVELOPMENT_TEAM = 7PSR4W6336;
				GENERATE_INFOPLIST_FILE = YES;
				MARKETING_VERSION = 1.0;
				PRODUCT_BUNDLE_IDENTIFIER = org.87f846b77a7d85eb.MyPathUITests;
				PRODUCT_NAME = "$(TARGET_NAME)";
				SWIFT_EMIT_LOC_STRINGS = NO;
				SWIFT_VERSION = 5.0;
				TARGETED_DEVICE_FAMILY = "1,2";
				TEST_TARGET_NAME = MyPath;
			};
			name = Debug;
		};
		1187F1552CF4ED760068B243 /* Release */ = {
			isa = XCBuildConfiguration;
			baseConfigurationReference = 3EFCDC624F1946A56D992222 /* Pods-MyPath-MyPathUITests.release.xcconfig */;
			buildSettings = {
				ALWAYS_EMBED_SWIFT_STANDARD_LIBRARIES = YES;
				CODE_SIGN_STYLE = Automatic;
				CURRENT_PROJECT_VERSION = 1;
				DEVELOPMENT_TEAM = 7PSR4W6336;
				GENERATE_INFOPLIST_FILE = YES;
				MARKETING_VERSION = 1.0;
				PRODUCT_BUNDLE_IDENTIFIER = org.87f846b77a7d85eb.MyPathUITests;
				PRODUCT_NAME = "$(TARGET_NAME)";
				SWIFT_EMIT_LOC_STRINGS = NO;
				SWIFT_VERSION = 5.0;
				TARGETED_DEVICE_FAMILY = "1,2";
				TEST_TARGET_NAME = MyPath;
			};
			name = Release;
		};
/* End XCBuildConfiguration section */

/* Begin XCConfigurationList section */
		1187F1222CF4ED720068B243 /* Build configuration list for PBXProject "MyPath" */ = {
			isa = XCConfigurationList;
			buildConfigurations = (
				1187F14B2CF4ED760068B243 /* Debug */,
				1187F14C2CF4ED760068B243 /* Release */,
			);
			defaultConfigurationIsVisible = 0;
			defaultConfigurationName = Release;
		};
		1187F14D2CF4ED760068B243 /* Build configuration list for PBXNativeTarget "MyPath" */ = {
			isa = XCConfigurationList;
			buildConfigurations = (
				1187F14E2CF4ED760068B243 /* Debug */,
				1187F14F2CF4ED760068B243 /* Release */,
			);
			defaultConfigurationIsVisible = 0;
			defaultConfigurationName = Release;
		};
		1187F1502CF4ED760068B243 /* Build configuration list for PBXNativeTarget "MyPathTests" */ = {
			isa = XCConfigurationList;
			buildConfigurations = (
				1187F1512CF4ED760068B243 /* Debug */,
				1187F1522CF4ED760068B243 /* Release */,
			);
			defaultConfigurationIsVisible = 0;
			defaultConfigurationName = Release;
		};
		1187F1532CF4ED760068B243 /* Build configuration list for PBXNativeTarget "MyPathUITests" */ = {
			isa = XCConfigurationList;
			buildConfigurations = (
				1187F1542CF4ED760068B243 /* Debug */,
				1187F1552CF4ED760068B243 /* Release */,
			);
			defaultConfigurationIsVisible = 0;
			defaultConfigurationName = Release;
		};
/* End XCConfigurationList section */
	};
	rootObject = 1187F11F2CF4ED720068B243 /* Project object */;
}
