// !$*UTF8*$!
{
	archiveVersion = 1;
	classes = {
	};
	objectVersion = 56;
	objects = {

/* Begin PBXBuildFile section */
		10A3AA872394516178730CD7 /* Pods_MyPath.framework in Frameworks */ = {isa = PBXBuildFile; fileRef = F76BFD372843E6C5A9786DA1 /* Pods_MyPath.framework */; };
		1111DBE52CFA80130069C69D /* AppTheme.swift in Sources */ = {isa = PBXBuildFile; fileRef = 1111DBE42CFA80130069C69D /* AppTheme.swift */; };
		1111DBE62CFA80130069C69D /* AppTheme.swift in Sources */ = {isa = PBXBuildFile; fileRef = 1111DBE42CFA80130069C69D /* AppTheme.swift */; };
		1111DBF22CFB62F30069C69D /* HomeScreen.swift in Sources */ = {isa = PBXBuildFile; fileRef = 1111DBF12CFB62F30069C69D /* HomeScreen.swift */; };
		1111DBF32CFB62F30069C69D /* HomeScreen.swift in Sources */ = {isa = PBXBuildFile; fileRef = 1111DBF12CFB62F30069C69D /* HomeScreen.swift */; };
		1111DBF42CFB62F30069C69D /* HomeScreen.swift in Sources */ = {isa = PBXBuildFile; fileRef = 1111DBF12CFB62F30069C69D /* HomeScreen.swift */; };
		1111DBF72CFB671C0069C69D /* PhotoPickerView.swift in Sources */ = {isa = PBXBuildFile; fileRef = 1111DBF62CFB671C0069C69D /* PhotoPickerView.swift */; };
		1111DBF82CFB671C0069C69D /* PhotoPickerView.swift in Sources */ = {isa = PBXBuildFile; fileRef = 1111DBF62CFB671C0069C69D /* PhotoPickerView.swift */; };
		1111DBF92CFB671C0069C69D /* PhotoPickerView.swift in Sources */ = {isa = PBXBuildFile; fileRef = 1111DBF62CFB671C0069C69D /* PhotoPickerView.swift */; };
		1111DC032CFE23E00069C69D /* TargetEnums.swift in Sources */ = {isa = PBXBuildFile; fileRef = 1111DC022CFE23E00069C69D /* TargetEnums.swift */; };
		1111DC042CFE23E00069C69D /* TargetEnums.swift in Sources */ = {isa = PBXBuildFile; fileRef = 1111DC022CFE23E00069C69D /* TargetEnums.swift */; };
		1111DC052CFE23E00069C69D /* TargetEnums.swift in Sources */ = {isa = PBXBuildFile; fileRef = 1111DC022CFE23E00069C69D /* TargetEnums.swift */; };
		1111DC3A2CFE3A3F0069C69D /* DateUtils.swift in Sources */ = {isa = PBXBuildFile; fileRef = 1111DC392CFE3A3F0069C69D /* DateUtils.swift */; };
		1111DC3B2CFE3A3F0069C69D /* DateUtils.swift in Sources */ = {isa = PBXBuildFile; fileRef = 1111DC392CFE3A3F0069C69D /* DateUtils.swift */; };
		1111DC3C2CFE3A3F0069C69D /* DateUtils.swift in Sources */ = {isa = PBXBuildFile; fileRef = 1111DC392CFE3A3F0069C69D /* DateUtils.swift */; };
		11232F122D0514190070F9F9 /* GoalEntity.swift in Sources */ = {isa = PBXBuildFile; fileRef = 11232F112D0514190070F9F9 /* GoalEntity.swift */; };
		11232F132D0514190070F9F9 /* GoalEntity.swift in Sources */ = {isa = PBXBuildFile; fileRef = 11232F112D0514190070F9F9 /* GoalEntity.swift */; };
		11232F142D0514190070F9F9 /* GoalEntity.swift in Sources */ = {isa = PBXBuildFile; fileRef = 11232F112D0514190070F9F9 /* GoalEntity.swift */; };
		11232F172D0516F90070F9F9 /* TargetEntity.swift in Sources */ = {isa = PBXBuildFile; fileRef = 11232F162D0516F90070F9F9 /* TargetEntity.swift */; };
		11232F182D0516F90070F9F9 /* TargetEntity.swift in Sources */ = {isa = PBXBuildFile; fileRef = 11232F162D0516F90070F9F9 /* TargetEntity.swift */; };
		11232F192D0516F90070F9F9 /* TargetEntity.swift in Sources */ = {isa = PBXBuildFile; fileRef = 11232F162D0516F90070F9F9 /* TargetEntity.swift */; };
		11232F1C2D0517EF0070F9F9 /* TaskEntity.swift in Sources */ = {isa = PBXBuildFile; fileRef = 11232F1B2D0517EF0070F9F9 /* TaskEntity.swift */; };
		11232F1D2D0517EF0070F9F9 /* TaskEntity.swift in Sources */ = {isa = PBXBuildFile; fileRef = 11232F1B2D0517EF0070F9F9 /* TaskEntity.swift */; };
		11232F1E2D0517EF0070F9F9 /* TaskEntity.swift in Sources */ = {isa = PBXBuildFile; fileRef = 11232F1B2D0517EF0070F9F9 /* TaskEntity.swift */; };
		11232F222D051BBE0070F9F9 /* RoutineEntity.swift in Sources */ = {isa = PBXBuildFile; fileRef = 11232F212D051BBE0070F9F9 /* RoutineEntity.swift */; };
		11232F232D051BBE0070F9F9 /* RoutineEntity.swift in Sources */ = {isa = PBXBuildFile; fileRef = 11232F212D051BBE0070F9F9 /* RoutineEntity.swift */; };
		11232F242D051BBE0070F9F9 /* RoutineEntity.swift in Sources */ = {isa = PBXBuildFile; fileRef = 11232F212D051BBE0070F9F9 /* RoutineEntity.swift */; };
		11232F262D051C290070F9F9 /* ScheduleEntity.swift in Sources */ = {isa = PBXBuildFile; fileRef = 11232F252D051C290070F9F9 /* ScheduleEntity.swift */; };
		11232F272D051C290070F9F9 /* ScheduleEntity.swift in Sources */ = {isa = PBXBuildFile; fileRef = 11232F252D051C290070F9F9 /* ScheduleEntity.swift */; };
		11232F282D051C290070F9F9 /* ScheduleEntity.swift in Sources */ = {isa = PBXBuildFile; fileRef = 11232F252D051C290070F9F9 /* ScheduleEntity.swift */; };
		11232F2B2D0524260070F9F9 /* GoalRepository.swift in Sources */ = {isa = PBXBuildFile; fileRef = 11232F2A2D0524260070F9F9 /* GoalRepository.swift */; };
		11232F2C2D0524260070F9F9 /* GoalRepository.swift in Sources */ = {isa = PBXBuildFile; fileRef = 11232F2A2D0524260070F9F9 /* GoalRepository.swift */; };
		11232F2D2D0524260070F9F9 /* GoalRepository.swift in Sources */ = {isa = PBXBuildFile; fileRef = 11232F2A2D0524260070F9F9 /* GoalRepository.swift */; };
		11232F302D05245D0070F9F9 /* GoalRepositoryImpl.swift in Sources */ = {isa = PBXBuildFile; fileRef = 11232F2F2D05245D0070F9F9 /* GoalRepositoryImpl.swift */; };
		11232F312D05245D0070F9F9 /* GoalRepositoryImpl.swift in Sources */ = {isa = PBXBuildFile; fileRef = 11232F2F2D05245D0070F9F9 /* GoalRepositoryImpl.swift */; };
		11232F322D05245D0070F9F9 /* GoalRepositoryImpl.swift in Sources */ = {isa = PBXBuildFile; fileRef = 11232F2F2D05245D0070F9F9 /* GoalRepositoryImpl.swift */; };
		11232F352D0527C30070F9F9 /* GoalService.swift in Sources */ = {isa = PBXBuildFile; fileRef = 11232F342D0527C30070F9F9 /* GoalService.swift */; };
		11232F362D0527C30070F9F9 /* GoalService.swift in Sources */ = {isa = PBXBuildFile; fileRef = 11232F342D0527C30070F9F9 /* GoalService.swift */; };
		11232F372D0527C30070F9F9 /* GoalService.swift in Sources */ = {isa = PBXBuildFile; fileRef = 11232F342D0527C30070F9F9 /* GoalService.swift */; };
		11232F392D05299C0070F9F9 /* GoalServiceImpl.swift in Sources */ = {isa = PBXBuildFile; fileRef = 11232F382D05299C0070F9F9 /* GoalServiceImpl.swift */; };
		11232F3A2D05299C0070F9F9 /* GoalServiceImpl.swift in Sources */ = {isa = PBXBuildFile; fileRef = 11232F382D05299C0070F9F9 /* GoalServiceImpl.swift */; };
		11232F3B2D05299C0070F9F9 /* GoalServiceImpl.swift in Sources */ = {isa = PBXBuildFile; fileRef = 11232F382D05299C0070F9F9 /* GoalServiceImpl.swift */; };
		11232F402D052BC70070F9F9 /* GoalFormViewModel.swift in Sources */ = {isa = PBXBuildFile; fileRef = 11232F3F2D052BC70070F9F9 /* GoalFormViewModel.swift */; };
		11232F412D052BC70070F9F9 /* GoalFormViewModel.swift in Sources */ = {isa = PBXBuildFile; fileRef = 11232F3F2D052BC70070F9F9 /* GoalFormViewModel.swift */; };
		11232F422D052BC70070F9F9 /* GoalFormViewModel.swift in Sources */ = {isa = PBXBuildFile; fileRef = 11232F3F2D052BC70070F9F9 /* GoalFormViewModel.swift */; };
		11232F442D052CBF0070F9F9 /* GoalFormView.swift in Sources */ = {isa = PBXBuildFile; fileRef = 11232F432D052CBF0070F9F9 /* GoalFormView.swift */; };
		11232F452D052CBF0070F9F9 /* GoalFormView.swift in Sources */ = {isa = PBXBuildFile; fileRef = 11232F432D052CBF0070F9F9 /* GoalFormView.swift */; };
		11232F462D052CBF0070F9F9 /* GoalFormView.swift in Sources */ = {isa = PBXBuildFile; fileRef = 11232F432D052CBF0070F9F9 /* GoalFormView.swift */; };
		11232F492D052D370070F9F9 /* GoalTypeSelectionView.swift in Sources */ = {isa = PBXBuildFile; fileRef = 11232F482D052D2C0070F9F9 /* GoalTypeSelectionView.swift */; };
		11232F4A2D052D370070F9F9 /* GoalTypeSelectionView.swift in Sources */ = {isa = PBXBuildFile; fileRef = 11232F482D052D2C0070F9F9 /* GoalTypeSelectionView.swift */; };
		11232F4B2D052D370070F9F9 /* GoalTypeSelectionView.swift in Sources */ = {isa = PBXBuildFile; fileRef = 11232F482D052D2C0070F9F9 /* GoalTypeSelectionView.swift */; };
		11232F4D2D052D630070F9F9 /* PrioritySelectionView.swift in Sources */ = {isa = PBXBuildFile; fileRef = 11232F4C2D052D600070F9F9 /* PrioritySelectionView.swift */; };
		11232F4E2D052D630070F9F9 /* PrioritySelectionView.swift in Sources */ = {isa = PBXBuildFile; fileRef = 11232F4C2D052D600070F9F9 /* PrioritySelectionView.swift */; };
		11232F4F2D052D630070F9F9 /* PrioritySelectionView.swift in Sources */ = {isa = PBXBuildFile; fileRef = 11232F4C2D052D600070F9F9 /* PrioritySelectionView.swift */; };
		11232F512D052DB40070F9F9 /* GoalEnums.swift in Sources */ = {isa = PBXBuildFile; fileRef = 11232F502D052DAB0070F9F9 /* GoalEnums.swift */; };
		11232F522D052DB40070F9F9 /* GoalEnums.swift in Sources */ = {isa = PBXBuildFile; fileRef = 11232F502D052DAB0070F9F9 /* GoalEnums.swift */; };
		11232F532D052DB40070F9F9 /* GoalEnums.swift in Sources */ = {isa = PBXBuildFile; fileRef = 11232F502D052DAB0070F9F9 /* GoalEnums.swift */; };
		11232F552D05E1660070F9F9 /* GoalListView.swift in Sources */ = {isa = PBXBuildFile; fileRef = 11232F542D05E1660070F9F9 /* GoalListView.swift */; };
		11232F562D05E1670070F9F9 /* GoalListView.swift in Sources */ = {isa = PBXBuildFile; fileRef = 11232F542D05E1660070F9F9 /* GoalListView.swift */; };
		11232F572D05E1670070F9F9 /* GoalListView.swift in Sources */ = {isa = PBXBuildFile; fileRef = 11232F542D05E1660070F9F9 /* GoalListView.swift */; };
		11232F592D05E20E0070F9F9 /* GoalListViewModel.swift in Sources */ = {isa = PBXBuildFile; fileRef = 11232F582D05E2080070F9F9 /* GoalListViewModel.swift */; };
		11232F5A2D05E20E0070F9F9 /* GoalListViewModel.swift in Sources */ = {isa = PBXBuildFile; fileRef = 11232F582D05E2080070F9F9 /* GoalListViewModel.swift */; };
		11232F5B2D05E20E0070F9F9 /* GoalListViewModel.swift in Sources */ = {isa = PBXBuildFile; fileRef = 11232F582D05E2080070F9F9 /* GoalListViewModel.swift */; };
		11232F5D2D05F7140070F9F9 /* TargetRepositoryImpl.swift in Sources */ = {isa = PBXBuildFile; fileRef = 11232F5C2D05F7090070F9F9 /* TargetRepositoryImpl.swift */; };
		11232F5E2D05F7140070F9F9 /* TargetRepositoryImpl.swift in Sources */ = {isa = PBXBuildFile; fileRef = 11232F5C2D05F7090070F9F9 /* TargetRepositoryImpl.swift */; };
		11232F5F2D05F7140070F9F9 /* TargetRepositoryImpl.swift in Sources */ = {isa = PBXBuildFile; fileRef = 11232F5C2D05F7090070F9F9 /* TargetRepositoryImpl.swift */; };
		11232F612D05F78B0070F9F9 /* TargetServiceImpl.swift in Sources */ = {isa = PBXBuildFile; fileRef = 11232F602D05F78A0070F9F9 /* TargetServiceImpl.swift */; };
		11232F622D05F78B0070F9F9 /* TargetServiceImpl.swift in Sources */ = {isa = PBXBuildFile; fileRef = 11232F602D05F78A0070F9F9 /* TargetServiceImpl.swift */; };
		11232F632D05F78B0070F9F9 /* TargetServiceImpl.swift in Sources */ = {isa = PBXBuildFile; fileRef = 11232F602D05F78A0070F9F9 /* TargetServiceImpl.swift */; };
		11232F652D05FAD90070F9F9 /* TargetService.swift in Sources */ = {isa = PBXBuildFile; fileRef = 11232F642D05FAD50070F9F9 /* TargetService.swift */; };
		11232F662D05FAD90070F9F9 /* TargetService.swift in Sources */ = {isa = PBXBuildFile; fileRef = 11232F642D05FAD50070F9F9 /* TargetService.swift */; };
		11232F672D05FAD90070F9F9 /* TargetService.swift in Sources */ = {isa = PBXBuildFile; fileRef = 11232F642D05FAD50070F9F9 /* TargetService.swift */; };
		11232F6A2D05FBA40070F9F9 /* TaskRepository.swift in Sources */ = {isa = PBXBuildFile; fileRef = 11232F692D05FBA40070F9F9 /* TaskRepository.swift */; };
		11232F6B2D05FBA40070F9F9 /* TaskRepository.swift in Sources */ = {isa = PBXBuildFile; fileRef = 11232F692D05FBA40070F9F9 /* TaskRepository.swift */; };
		11232F6C2D05FBA40070F9F9 /* TaskRepository.swift in Sources */ = {isa = PBXBuildFile; fileRef = 11232F692D05FBA40070F9F9 /* TaskRepository.swift */; };
		11232F722D05FBCE0070F9F9 /* TaskRepositoryImpl.swift in Sources */ = {isa = PBXBuildFile; fileRef = 11232F712D05FBCE0070F9F9 /* TaskRepositoryImpl.swift */; };
		11232F732D05FBCE0070F9F9 /* TaskRepositoryImpl.swift in Sources */ = {isa = PBXBuildFile; fileRef = 11232F712D05FBCE0070F9F9 /* TaskRepositoryImpl.swift */; };
		11232F742D05FBCE0070F9F9 /* TaskRepositoryImpl.swift in Sources */ = {isa = PBXBuildFile; fileRef = 11232F712D05FBCE0070F9F9 /* TaskRepositoryImpl.swift */; };
		11232F7B2D05FC4B0070F9F9 /* TaskService.swift in Sources */ = {isa = PBXBuildFile; fileRef = 11232F7A2D05FC460070F9F9 /* TaskService.swift */; };
		11232F7C2D05FC4B0070F9F9 /* TaskService.swift in Sources */ = {isa = PBXBuildFile; fileRef = 11232F7A2D05FC460070F9F9 /* TaskService.swift */; };
		11232F7D2D05FC4B0070F9F9 /* TaskService.swift in Sources */ = {isa = PBXBuildFile; fileRef = 11232F7A2D05FC460070F9F9 /* TaskService.swift */; };
		11232F7F2D05FC610070F9F9 /* TaskServiceImpl.swift in Sources */ = {isa = PBXBuildFile; fileRef = 11232F7E2D05FC5D0070F9F9 /* TaskServiceImpl.swift */; };
		11232F802D05FC610070F9F9 /* TaskServiceImpl.swift in Sources */ = {isa = PBXBuildFile; fileRef = 11232F7E2D05FC5D0070F9F9 /* TaskServiceImpl.swift */; };
		11232F812D05FC610070F9F9 /* TaskServiceImpl.swift in Sources */ = {isa = PBXBuildFile; fileRef = 11232F7E2D05FC5D0070F9F9 /* TaskServiceImpl.swift */; };
		11232F852D05FD110070F9F9 /* TargetListViewModel.swift in Sources */ = {isa = PBXBuildFile; fileRef = 11232F842D05FD040070F9F9 /* TargetListViewModel.swift */; };
		11232F862D05FD120070F9F9 /* TargetListViewModel.swift in Sources */ = {isa = PBXBuildFile; fileRef = 11232F842D05FD040070F9F9 /* TargetListViewModel.swift */; };
		11232F872D05FD120070F9F9 /* TargetListViewModel.swift in Sources */ = {isa = PBXBuildFile; fileRef = 11232F842D05FD040070F9F9 /* TargetListViewModel.swift */; };
		11232F892D05FD220070F9F9 /* TaskListViewModel.swift in Sources */ = {isa = PBXBuildFile; fileRef = 11232F882D05FD190070F9F9 /* TaskListViewModel.swift */; };
		11232F8A2D05FD220070F9F9 /* TaskListViewModel.swift in Sources */ = {isa = PBXBuildFile; fileRef = 11232F882D05FD190070F9F9 /* TaskListViewModel.swift */; };
		11232F8B2D05FD220070F9F9 /* TaskListViewModel.swift in Sources */ = {isa = PBXBuildFile; fileRef = 11232F882D05FD190070F9F9 /* TaskListViewModel.swift */; };
		11232F8F2D05FD640070F9F9 /* TaskFormViewModel.swift in Sources */ = {isa = PBXBuildFile; fileRef = 11232F8E2D05FD570070F9F9 /* TaskFormViewModel.swift */; };
		11232F902D05FD640070F9F9 /* TaskFormViewModel.swift in Sources */ = {isa = PBXBuildFile; fileRef = 11232F8E2D05FD570070F9F9 /* TaskFormViewModel.swift */; };
		11232F912D05FD640070F9F9 /* TaskFormViewModel.swift in Sources */ = {isa = PBXBuildFile; fileRef = 11232F8E2D05FD570070F9F9 /* TaskFormViewModel.swift */; };
		11232F932D05FD710070F9F9 /* TargetFormViewModel.swift in Sources */ = {isa = PBXBuildFile; fileRef = 11232F922D05FD690070F9F9 /* TargetFormViewModel.swift */; };
		11232F942D05FD710070F9F9 /* TargetFormViewModel.swift in Sources */ = {isa = PBXBuildFile; fileRef = 11232F922D05FD690070F9F9 /* TargetFormViewModel.swift */; };
		11232F952D05FD710070F9F9 /* TargetFormViewModel.swift in Sources */ = {isa = PBXBuildFile; fileRef = 11232F922D05FD690070F9F9 /* TargetFormViewModel.swift */; };
		11232F9B2D05FE270070F9F9 /* TargetFormView.swift in Sources */ = {isa = PBXBuildFile; fileRef = 11232F9A2D05FE210070F9F9 /* TargetFormView.swift */; };
		11232F9C2D05FE270070F9F9 /* TargetFormView.swift in Sources */ = {isa = PBXBuildFile; fileRef = 11232F9A2D05FE210070F9F9 /* TargetFormView.swift */; };
		11232F9D2D05FE270070F9F9 /* TargetFormView.swift in Sources */ = {isa = PBXBuildFile; fileRef = 11232F9A2D05FE210070F9F9 /* TargetFormView.swift */; };
		11232F9F2D05FE370070F9F9 /* TaskFormView.swift in Sources */ = {isa = PBXBuildFile; fileRef = 11232F9E2D05FE330070F9F9 /* TaskFormView.swift */; };
		11232FA02D05FE370070F9F9 /* TaskFormView.swift in Sources */ = {isa = PBXBuildFile; fileRef = 11232F9E2D05FE330070F9F9 /* TaskFormView.swift */; };
		11232FA12D05FE370070F9F9 /* TaskFormView.swift in Sources */ = {isa = PBXBuildFile; fileRef = 11232F9E2D05FE330070F9F9 /* TaskFormView.swift */; };
		11232FA32D05FFB10070F9F9 /* StatusSelectionView.swift in Sources */ = {isa = PBXBuildFile; fileRef = 11232FA22D05FFB10070F9F9 /* StatusSelectionView.swift */; };
		11232FA42D05FFB10070F9F9 /* StatusSelectionView.swift in Sources */ = {isa = PBXBuildFile; fileRef = 11232FA22D05FFB10070F9F9 /* StatusSelectionView.swift */; };
		11232FA52D05FFB10070F9F9 /* StatusSelectionView.swift in Sources */ = {isa = PBXBuildFile; fileRef = 11232FA22D05FFB10070F9F9 /* StatusSelectionView.swift */; };
		11232FA72D0623E60070F9F9 /* TaskListView.swift in Sources */ = {isa = PBXBuildFile; fileRef = 11232FA62D0623E20070F9F9 /* TaskListView.swift */; };
		11232FA82D0623E60070F9F9 /* TaskListView.swift in Sources */ = {isa = PBXBuildFile; fileRef = 11232FA62D0623E20070F9F9 /* TaskListView.swift */; };
		11232FA92D0623E60070F9F9 /* TaskListView.swift in Sources */ = {isa = PBXBuildFile; fileRef = 11232FA62D0623E20070F9F9 /* TaskListView.swift */; };
		11232FAB2D0627720070F9F9 /* TargetListView.swift in Sources */ = {isa = PBXBuildFile; fileRef = 11232FAA2D06276D0070F9F9 /* TargetListView.swift */; };
		11232FAC2D0627720070F9F9 /* TargetListView.swift in Sources */ = {isa = PBXBuildFile; fileRef = 11232FAA2D06276D0070F9F9 /* TargetListView.swift */; };
		11232FAD2D0627720070F9F9 /* TargetListView.swift in Sources */ = {isa = PBXBuildFile; fileRef = 11232FAA2D06276D0070F9F9 /* TargetListView.swift */; };
		11232FAF2D0628530070F9F9 /* TargetDetailsView.swift in Sources */ = {isa = PBXBuildFile; fileRef = 11232FAE2D06284B0070F9F9 /* TargetDetailsView.swift */; };
		11232FB02D0628530070F9F9 /* TargetDetailsView.swift in Sources */ = {isa = PBXBuildFile; fileRef = 11232FAE2D06284B0070F9F9 /* TargetDetailsView.swift */; };
		11232FB12D0628530070F9F9 /* TargetDetailsView.swift in Sources */ = {isa = PBXBuildFile; fileRef = 11232FAE2D06284B0070F9F9 /* TargetDetailsView.swift */; };
		11232FB32D06287D0070F9F9 /* TargetDetailsViewModel.swift in Sources */ = {isa = PBXBuildFile; fileRef = 11232FB22D0628780070F9F9 /* TargetDetailsViewModel.swift */; };
		11232FB42D06287D0070F9F9 /* TargetDetailsViewModel.swift in Sources */ = {isa = PBXBuildFile; fileRef = 11232FB22D0628780070F9F9 /* TargetDetailsViewModel.swift */; };
		11232FB52D06287D0070F9F9 /* TargetDetailsViewModel.swift in Sources */ = {isa = PBXBuildFile; fileRef = 11232FB22D0628780070F9F9 /* TargetDetailsViewModel.swift */; };
		11232FB82D06310D0070F9F9 /* DIConfig.swift in Sources */ = {isa = PBXBuildFile; fileRef = 11232FB72D0631090070F9F9 /* DIConfig.swift */; };
		11232FB92D06310D0070F9F9 /* DIConfig.swift in Sources */ = {isa = PBXBuildFile; fileRef = 11232FB72D0631090070F9F9 /* DIConfig.swift */; };
		11232FBA2D06310D0070F9F9 /* DIConfig.swift in Sources */ = {isa = PBXBuildFile; fileRef = 11232FB72D0631090070F9F9 /* DIConfig.swift */; };
		11232FBD2D0631C20070F9F9 /* RealmManager.swift in Sources */ = {isa = PBXBuildFile; fileRef = 11232FBC2D0631C20070F9F9 /* RealmManager.swift */; };
		11232FBE2D0631C20070F9F9 /* RealmManager.swift in Sources */ = {isa = PBXBuildFile; fileRef = 11232FBC2D0631C20070F9F9 /* RealmManager.swift */; };
		11232FBF2D0631C20070F9F9 /* RealmManager.swift in Sources */ = {isa = PBXBuildFile; fileRef = 11232FBC2D0631C20070F9F9 /* RealmManager.swift */; };
		11232FC22D07844D0070F9F9 /* FileManager.swift in Sources */ = {isa = PBXBuildFile; fileRef = 11232FC12D07844D0070F9F9 /* FileManager.swift */; };
		11232FC32D07844D0070F9F9 /* FileManager.swift in Sources */ = {isa = PBXBuildFile; fileRef = 11232FC12D07844D0070F9F9 /* FileManager.swift */; };
		11232FC42D07844D0070F9F9 /* FileManager.swift in Sources */ = {isa = PBXBuildFile; fileRef = 11232FC12D07844D0070F9F9 /* FileManager.swift */; };
		11232FCF2D078A1E0070F9F9 /* TaskDetailsView.swift in Sources */ = {isa = PBXBuildFile; fileRef = 11232FCE2D078A1A0070F9F9 /* TaskDetailsView.swift */; };
		11232FD02D078A1E0070F9F9 /* TaskDetailsView.swift in Sources */ = {isa = PBXBuildFile; fileRef = 11232FCE2D078A1A0070F9F9 /* TaskDetailsView.swift */; };
		11232FD12D078A1E0070F9F9 /* TaskDetailsView.swift in Sources */ = {isa = PBXBuildFile; fileRef = 11232FCE2D078A1A0070F9F9 /* TaskDetailsView.swift */; };
		11232FD32D078A450070F9F9 /* TaskDetailsViewModel.swift in Sources */ = {isa = PBXBuildFile; fileRef = 11232FD22D078A3C0070F9F9 /* TaskDetailsViewModel.swift */; };
		11232FD42D078A450070F9F9 /* TaskDetailsViewModel.swift in Sources */ = {isa = PBXBuildFile; fileRef = 11232FD22D078A3C0070F9F9 /* TaskDetailsViewModel.swift */; };
		11232FD52D078A450070F9F9 /* TaskDetailsViewModel.swift in Sources */ = {isa = PBXBuildFile; fileRef = 11232FD22D078A3C0070F9F9 /* TaskDetailsViewModel.swift */; };
		11232FD72D079A1B0070F9F9 /* AttachmentView.swift in Sources */ = {isa = PBXBuildFile; fileRef = 11232FD62D079A130070F9F9 /* AttachmentView.swift */; };
		11232FD82D079A1B0070F9F9 /* AttachmentView.swift in Sources */ = {isa = PBXBuildFile; fileRef = 11232FD62D079A130070F9F9 /* AttachmentView.swift */; };
		11232FD92D079A1B0070F9F9 /* AttachmentView.swift in Sources */ = {isa = PBXBuildFile; fileRef = 11232FD62D079A130070F9F9 /* AttachmentView.swift */; };
		11232FDC2D079B130070F9F9 /* AttachmentEntity.swift in Sources */ = {isa = PBXBuildFile; fileRef = 11232FDB2D079B130070F9F9 /* AttachmentEntity.swift */; };
		11232FDD2D079B130070F9F9 /* AttachmentEntity.swift in Sources */ = {isa = PBXBuildFile; fileRef = 11232FDB2D079B130070F9F9 /* AttachmentEntity.swift */; };
		11232FDE2D079B130070F9F9 /* AttachmentEntity.swift in Sources */ = {isa = PBXBuildFile; fileRef = 11232FDB2D079B130070F9F9 /* AttachmentEntity.swift */; };
		117CAD882CFA34EF00CF18ED /* TargetRepository.swift in Sources */ = {isa = PBXBuildFile; fileRef = 117CAD782CFA34EF00CF18ED /* TargetRepository.swift */; };
		117CAD892CFA34F000CF18ED /* TargetRepository.swift in Sources */ = {isa = PBXBuildFile; fileRef = 117CAD782CFA34EF00CF18ED /* TargetRepository.swift */; };
		117CAD8A2CFA34F000CF18ED /* TargetRepository.swift in Sources */ = {isa = PBXBuildFile; fileRef = 117CAD782CFA34EF00CF18ED /* TargetRepository.swift */; };
		117CAD9F2CFA35AB00CF18ED /* TaskEnums.swift in Sources */ = {isa = PBXBuildFile; fileRef = 117CAD9E2CFA35AB00CF18ED /* TaskEnums.swift */; };
		117CADA02CFA35AB00CF18ED /* TaskEnums.swift in Sources */ = {isa = PBXBuildFile; fileRef = 117CAD9E2CFA35AB00CF18ED /* TaskEnums.swift */; };
		117CADA12CFA35AB00CF18ED /* TaskEnums.swift in Sources */ = {isa = PBXBuildFile; fileRef = 117CAD9E2CFA35AB00CF18ED /* TaskEnums.swift */; };
		1187F12B2CF4ED720068B243 /* MyPathApp.swift in Sources */ = {isa = PBXBuildFile; fileRef = 1187F12A2CF4ED720068B243 /* MyPathApp.swift */; };
		1187F1312CF4ED750068B243 /* Assets.xcassets in Resources */ = {isa = PBXBuildFile; fileRef = 1187F1302CF4ED750068B243 /* Assets.xcassets */; };
		1187F1342CF4ED750068B243 /* Preview Assets.xcassets in Resources */ = {isa = PBXBuildFile; fileRef = 1187F1332CF4ED750068B243 /* Preview Assets.xcassets */; };
		1187F13E2CF4ED760068B243 /* MyPathTests.swift in Sources */ = {isa = PBXBuildFile; fileRef = 1187F13D2CF4ED760068B243 /* MyPathTests.swift */; };
		1187F1482CF4ED760068B243 /* MyPathUITests.swift in Sources */ = {isa = PBXBuildFile; fileRef = 1187F1472CF4ED760068B243 /* MyPathUITests.swift */; };
		1187F14A2CF4ED760068B243 /* MyPathUITestsLaunchTests.swift in Sources */ = {isa = PBXBuildFile; fileRef = 1187F1492CF4ED760068B243 /* MyPathUITestsLaunchTests.swift */; };
		11942AFE2CFF3E5200F247BF /* Extensions.swift in Sources */ = {isa = PBXBuildFile; fileRef = 11942AFD2CFF3E5200F247BF /* Extensions.swift */; };
		959750B532D7B633085B2D8E /* Pods_MyPath_MyPathUITests.framework in Frameworks */ = {isa = PBXBuildFile; fileRef = 49EB5E3453F7340430032AA9 /* Pods_MyPath_MyPathUITests.framework */; };
		A789C5583E3380ED0755577A /* Pods_MyPathTests.framework in Frameworks */ = {isa = PBXBuildFile; fileRef = 535299077C3B571A7093CAA6 /* Pods_MyPathTests.framework */; };
/* End PBXBuildFile section */

/* Begin PBXContainerItemProxy section */
		1187F13A2CF4ED760068B243 /* PBXContainerItemProxy */ = {
			isa = PBXContainerItemProxy;
			containerPortal = 1187F11F2CF4ED720068B243 /* Project object */;
			proxyType = 1;
			remoteGlobalIDString = 1187F1262CF4ED720068B243;
			remoteInfo = MyPath;
		};
		1187F1442CF4ED760068B243 /* PBXContainerItemProxy */ = {
			isa = PBXContainerItemProxy;
			containerPortal = 1187F11F2CF4ED720068B243 /* Project object */;
			proxyType = 1;
			remoteGlobalIDString = 1187F1262CF4ED720068B243;
			remoteInfo = MyPath;
		};
/* End PBXContainerItemProxy section */

/* Begin PBXFileReference section */
		1111DBE42CFA80130069C69D /* AppTheme.swift */ = {isa = PBXFileReference; lastKnownFileType = sourcecode.swift; path = AppTheme.swift; sourceTree = "<group>"; };
		1111DBF12CFB62F30069C69D /* HomeScreen.swift */ = {isa = PBXFileReference; lastKnownFileType = sourcecode.swift; path = HomeScreen.swift; sourceTree = "<group>"; };
		1111DBF62CFB671C0069C69D /* PhotoPickerView.swift */ = {isa = PBXFileReference; lastKnownFileType = sourcecode.swift; path = PhotoPickerView.swift; sourceTree = "<group>"; };
		1111DC022CFE23E00069C69D /* TargetEnums.swift */ = {isa = PBXFileReference; lastKnownFileType = sourcecode.swift; path = TargetEnums.swift; sourceTree = "<group>"; };
		1111DC392CFE3A3F0069C69D /* DateUtils.swift */ = {isa = PBXFileReference; lastKnownFileType = sourcecode.swift; path = DateUtils.swift; sourceTree = "<group>"; };
		11232F112D0514190070F9F9 /* GoalEntity.swift */ = {isa = PBXFileReference; lastKnownFileType = sourcecode.swift; path = GoalEntity.swift; sourceTree = "<group>"; };
		11232F162D0516F90070F9F9 /* TargetEntity.swift */ = {isa = PBXFileReference; lastKnownFileType = sourcecode.swift; path = TargetEntity.swift; sourceTree = "<group>"; };
		11232F1B2D0517EF0070F9F9 /* TaskEntity.swift */ = {isa = PBXFileReference; lastKnownFileType = sourcecode.swift; path = TaskEntity.swift; sourceTree = "<group>"; };
		11232F212D051BBE0070F9F9 /* RoutineEntity.swift */ = {isa = PBXFileReference; lastKnownFileType = sourcecode.swift; path = RoutineEntity.swift; sourceTree = "<group>"; };
		11232F252D051C290070F9F9 /* ScheduleEntity.swift */ = {isa = PBXFileReference; lastKnownFileType = sourcecode.swift; path = ScheduleEntity.swift; sourceTree = "<group>"; };
		11232F2A2D0524260070F9F9 /* GoalRepository.swift */ = {isa = PBXFileReference; lastKnownFileType = sourcecode.swift; path = GoalRepository.swift; sourceTree = "<group>"; };
		11232F2F2D05245D0070F9F9 /* GoalRepositoryImpl.swift */ = {isa = PBXFileReference; lastKnownFileType = sourcecode.swift; path = GoalRepositoryImpl.swift; sourceTree = "<group>"; };
		11232F342D0527C30070F9F9 /* GoalService.swift */ = {isa = PBXFileReference; lastKnownFileType = sourcecode.swift; path = GoalService.swift; sourceTree = "<group>"; };
		11232F382D05299C0070F9F9 /* GoalServiceImpl.swift */ = {isa = PBXFileReference; lastKnownFileType = sourcecode.swift; path = GoalServiceImpl.swift; sourceTree = "<group>"; };
		11232F3F2D052BC70070F9F9 /* GoalFormViewModel.swift */ = {isa = PBXFileReference; lastKnownFileType = sourcecode.swift; path = GoalFormViewModel.swift; sourceTree = "<group>"; };
		11232F432D052CBF0070F9F9 /* GoalFormView.swift */ = {isa = PBXFileReference; lastKnownFileType = sourcecode.swift; path = GoalFormView.swift; sourceTree = "<group>"; };
		11232F482D052D2C0070F9F9 /* GoalTypeSelectionView.swift */ = {isa = PBXFileReference; lastKnownFileType = sourcecode.swift; path = GoalTypeSelectionView.swift; sourceTree = "<group>"; };
		11232F4C2D052D600070F9F9 /* PrioritySelectionView.swift */ = {isa = PBXFileReference; lastKnownFileType = sourcecode.swift; path = PrioritySelectionView.swift; sourceTree = "<group>"; };
		11232F502D052DAB0070F9F9 /* GoalEnums.swift */ = {isa = PBXFileReference; lastKnownFileType = sourcecode.swift; path = GoalEnums.swift; sourceTree = "<group>"; };
		11232F542D05E1660070F9F9 /* GoalListView.swift */ = {isa = PBXFileReference; lastKnownFileType = sourcecode.swift; path = GoalListView.swift; sourceTree = "<group>"; };
		11232F582D05E2080070F9F9 /* GoalListViewModel.swift */ = {isa = PBXFileReference; lastKnownFileType = sourcecode.swift; path = GoalListViewModel.swift; sourceTree = "<group>"; };
		11232F5C2D05F7090070F9F9 /* TargetRepositoryImpl.swift */ = {isa = PBXFileReference; lastKnownFileType = sourcecode.swift; path = TargetRepositoryImpl.swift; sourceTree = "<group>"; };
		11232F602D05F78A0070F9F9 /* TargetServiceImpl.swift */ = {isa = PBXFileReference; lastKnownFileType = sourcecode.swift; path = TargetServiceImpl.swift; sourceTree = "<group>"; };
		11232F642D05FAD50070F9F9 /* TargetService.swift */ = {isa = PBXFileReference; lastKnownFileType = sourcecode.swift; path = TargetService.swift; sourceTree = "<group>"; };
		11232F692D05FBA40070F9F9 /* TaskRepository.swift */ = {isa = PBXFileReference; lastKnownFileType = sourcecode.swift; path = TaskRepository.swift; sourceTree = "<group>"; };
		11232F712D05FBCE0070F9F9 /* TaskRepositoryImpl.swift */ = {isa = PBXFileReference; lastKnownFileType = sourcecode.swift; path = TaskRepositoryImpl.swift; sourceTree = "<group>"; };
		11232F7A2D05FC460070F9F9 /* TaskService.swift */ = {isa = PBXFileReference; lastKnownFileType = sourcecode.swift; path = TaskService.swift; sourceTree = "<group>"; };
		11232F7E2D05FC5D0070F9F9 /* TaskServiceImpl.swift */ = {isa = PBXFileReference; lastKnownFileType = sourcecode.swift; path = TaskServiceImpl.swift; sourceTree = "<group>"; };
		11232F842D05FD040070F9F9 /* TargetListViewModel.swift */ = {isa = PBXFileReference; lastKnownFileType = sourcecode.swift; path = TargetListViewModel.swift; sourceTree = "<group>"; };
		11232F882D05FD190070F9F9 /* TaskListViewModel.swift */ = {isa = PBXFileReference; lastKnownFileType = sourcecode.swift; path = TaskListViewModel.swift; sourceTree = "<group>"; };
		11232F8E2D05FD570070F9F9 /* TaskFormViewModel.swift */ = {isa = PBXFileReference; lastKnownFileType = sourcecode.swift; path = TaskFormViewModel.swift; sourceTree = "<group>"; };
		11232F922D05FD690070F9F9 /* TargetFormViewModel.swift */ = {isa = PBXFileReference; lastKnownFileType = sourcecode.swift; path = TargetFormViewModel.swift; sourceTree = "<group>"; };
		11232F9A2D05FE210070F9F9 /* TargetFormView.swift */ = {isa = PBXFileReference; lastKnownFileType = sourcecode.swift; path = TargetFormView.swift; sourceTree = "<group>"; };
		11232F9E2D05FE330070F9F9 /* TaskFormView.swift */ = {isa = PBXFileReference; lastKnownFileType = sourcecode.swift; path = TaskFormView.swift; sourceTree = "<group>"; };
		11232FA22D05FFB10070F9F9 /* StatusSelectionView.swift */ = {isa = PBXFileReference; lastKnownFileType = sourcecode.swift; path = StatusSelectionView.swift; sourceTree = "<group>"; };
		11232FA62D0623E20070F9F9 /* TaskListView.swift */ = {isa = PBXFileReference; lastKnownFileType = sourcecode.swift; path = TaskListView.swift; sourceTree = "<group>"; };
		11232FAA2D06276D0070F9F9 /* TargetListView.swift */ = {isa = PBXFileReference; lastKnownFileType = sourcecode.swift; path = TargetListView.swift; sourceTree = "<group>"; };
		11232FAE2D06284B0070F9F9 /* TargetDetailsView.swift */ = {isa = PBXFileReference; lastKnownFileType = sourcecode.swift; path = TargetDetailsView.swift; sourceTree = "<group>"; };
		11232FB22D0628780070F9F9 /* TargetDetailsViewModel.swift */ = {isa = PBXFileReference; lastKnownFileType = sourcecode.swift; path = TargetDetailsViewModel.swift; sourceTree = "<group>"; };
		11232FB72D0631090070F9F9 /* DIConfig.swift */ = {isa = PBXFileReference; lastKnownFileType = sourcecode.swift; path = DIConfig.swift; sourceTree = "<group>"; };
		11232FBC2D0631C20070F9F9 /* RealmManager.swift */ = {isa = PBXFileReference; lastKnownFileType = sourcecode.swift; path = RealmManager.swift; sourceTree = "<group>"; };
		11232FC12D07844D0070F9F9 /* FileManager.swift */ = {isa = PBXFileReference; lastKnownFileType = sourcecode.swift; path = FileManager.swift; sourceTree = "<group>"; };
		11232FCE2D078A1A0070F9F9 /* TaskDetailsView.swift */ = {isa = PBXFileReference; lastKnownFileType = sourcecode.swift; path = TaskDetailsView.swift; sourceTree = "<group>"; };
		11232FD22D078A3C0070F9F9 /* TaskDetailsViewModel.swift */ = {isa = PBXFileReference; lastKnownFileType = sourcecode.swift; path = TaskDetailsViewModel.swift; sourceTree = "<group>"; };
		11232FD62D079A130070F9F9 /* AttachmentView.swift */ = {isa = PBXFileReference; lastKnownFileType = sourcecode.swift; path = AttachmentView.swift; sourceTree = "<group>"; };
		11232FDB2D079B130070F9F9 /* AttachmentEntity.swift */ = {isa = PBXFileReference; lastKnownFileType = sourcecode.swift; path = AttachmentEntity.swift; sourceTree = "<group>"; };
		117CAD782CFA34EF00CF18ED /* TargetRepository.swift */ = {isa = PBXFileReference; fileEncoding = 4; lastKnownFileType = sourcecode.swift; path = TargetRepository.swift; sourceTree = "<group>"; };
		117CAD9E2CFA35AB00CF18ED /* TaskEnums.swift */ = {isa = PBXFileReference; fileEncoding = 4; lastKnownFileType = sourcecode.swift; path = TaskEnums.swift; sourceTree = "<group>"; };
		1187F1272CF4ED720068B243 /* MyPath.app */ = {isa = PBXFileReference; explicitFileType = wrapper.application; includeInIndex = 0; path = MyPath.app; sourceTree = BUILT_PRODUCTS_DIR; };
		1187F12A2CF4ED720068B243 /* MyPathApp.swift */ = {isa = PBXFileReference; lastKnownFileType = sourcecode.swift; path = MyPathApp.swift; sourceTree = "<group>"; };
		1187F1302CF4ED750068B243 /* Assets.xcassets */ = {isa = PBXFileReference; lastKnownFileType = folder.assetcatalog; path = Assets.xcassets; sourceTree = "<group>"; };
		1187F1332CF4ED750068B243 /* Preview Assets.xcassets */ = {isa = PBXFileReference; lastKnownFileType = folder.assetcatalog; path = "Preview Assets.xcassets"; sourceTree = "<group>"; };
		1187F1392CF4ED760068B243 /* MyPathTests.xctest */ = {isa = PBXFileReference; explicitFileType = wrapper.cfbundle; includeInIndex = 0; path = MyPathTests.xctest; sourceTree = BUILT_PRODUCTS_DIR; };
		1187F13D2CF4ED760068B243 /* MyPathTests.swift */ = {isa = PBXFileReference; lastKnownFileType = sourcecode.swift; path = MyPathTests.swift; sourceTree = "<group>"; };
		1187F1432CF4ED760068B243 /* MyPathUITests.xctest */ = {isa = PBXFileReference; explicitFileType = wrapper.cfbundle; includeInIndex = 0; path = MyPathUITests.xctest; sourceTree = BUILT_PRODUCTS_DIR; };
		1187F1472CF4ED760068B243 /* MyPathUITests.swift */ = {isa = PBXFileReference; lastKnownFileType = sourcecode.swift; path = MyPathUITests.swift; sourceTree = "<group>"; };
		1187F1492CF4ED760068B243 /* MyPathUITestsLaunchTests.swift */ = {isa = PBXFileReference; lastKnownFileType = sourcecode.swift; path = MyPathUITestsLaunchTests.swift; sourceTree = "<group>"; };
		11942AFD2CFF3E5200F247BF /* Extensions.swift */ = {isa = PBXFileReference; lastKnownFileType = sourcecode.swift; path = Extensions.swift; sourceTree = "<group>"; };
		2840573C66FD3B84D23F0F66 /* Pods-MyPath.debug.xcconfig */ = {isa = PBXFileReference; includeInIndex = 1; lastKnownFileType = text.xcconfig; name = "Pods-MyPath.debug.xcconfig"; path = "Target Support Files/Pods-MyPath/Pods-MyPath.debug.xcconfig"; sourceTree = "<group>"; };
		3EFCDC624F1946A56D992222 /* Pods-MyPath-MyPathUITests.release.xcconfig */ = {isa = PBXFileReference; includeInIndex = 1; lastKnownFileType = text.xcconfig; name = "Pods-MyPath-MyPathUITests.release.xcconfig"; path = "Target Support Files/Pods-MyPath-MyPathUITests/Pods-MyPath-MyPathUITests.release.xcconfig"; sourceTree = "<group>"; };
		49EB5E3453F7340430032AA9 /* Pods_MyPath_MyPathUITests.framework */ = {isa = PBXFileReference; explicitFileType = wrapper.framework; includeInIndex = 0; path = Pods_MyPath_MyPathUITests.framework; sourceTree = BUILT_PRODUCTS_DIR; };
		4E9C2F702799B629E8B75685 /* Pods-MyPathTests.release.xcconfig */ = {isa = PBXFileReference; includeInIndex = 1; lastKnownFileType = text.xcconfig; name = "Pods-MyPathTests.release.xcconfig"; path = "Target Support Files/Pods-MyPathTests/Pods-MyPathTests.release.xcconfig"; sourceTree = "<group>"; };
		535299077C3B571A7093CAA6 /* Pods_MyPathTests.framework */ = {isa = PBXFileReference; explicitFileType = wrapper.framework; includeInIndex = 0; path = Pods_MyPathTests.framework; sourceTree = BUILT_PRODUCTS_DIR; };
		74E7582B3B3132192F04A32C /* Pods-MyPath-MyPathUITests.debug.xcconfig */ = {isa = PBXFileReference; includeInIndex = 1; lastKnownFileType = text.xcconfig; name = "Pods-MyPath-MyPathUITests.debug.xcconfig"; path = "Target Support Files/Pods-MyPath-MyPathUITests/Pods-MyPath-MyPathUITests.debug.xcconfig"; sourceTree = "<group>"; };
		C862917ECA9C179A38BBEC44 /* Pods-MyPath.release.xcconfig */ = {isa = PBXFileReference; includeInIndex = 1; lastKnownFileType = text.xcconfig; name = "Pods-MyPath.release.xcconfig"; path = "Target Support Files/Pods-MyPath/Pods-MyPath.release.xcconfig"; sourceTree = "<group>"; };
		F29BA282AA5382580F62E531 /* Pods-MyPathTests.debug.xcconfig */ = {isa = PBXFileReference; includeInIndex = 1; lastKnownFileType = text.xcconfig; name = "Pods-MyPathTests.debug.xcconfig"; path = "Target Support Files/Pods-MyPathTests/Pods-MyPathTests.debug.xcconfig"; sourceTree = "<group>"; };
		F76BFD372843E6C5A9786DA1 /* Pods_MyPath.framework */ = {isa = PBXFileReference; explicitFileType = wrapper.framework; includeInIndex = 0; path = Pods_MyPath.framework; sourceTree = BUILT_PRODUCTS_DIR; };
/* End PBXFileReference section */

/* Begin PBXFrameworksBuildPhase section */
		1187F1242CF4ED720068B243 /* Frameworks */ = {
			isa = PBXFrameworksBuildPhase;
			buildActionMask = 2147483647;
			files = (
				10A3AA872394516178730CD7 /* Pods_MyPath.framework in Frameworks */,
			);
			runOnlyForDeploymentPostprocessing = 0;
		};
		1187F1362CF4ED760068B243 /* Frameworks */ = {
			isa = PBXFrameworksBuildPhase;
			buildActionMask = 2147483647;
			files = (
				A789C5583E3380ED0755577A /* Pods_MyPathTests.framework in Frameworks */,
			);
			runOnlyForDeploymentPostprocessing = 0;
		};
		1187F1402CF4ED760068B243 /* Frameworks */ = {
			isa = PBXFrameworksBuildPhase;
			buildActionMask = 2147483647;
			files = (
				959750B532D7B633085B2D8E /* Pods_MyPath_MyPathUITests.framework in Frameworks */,
			);
			runOnlyForDeploymentPostprocessing = 0;
		};
/* End PBXFrameworksBuildPhase section */

/* Begin PBXGroup section */
		1111DBE32CFA7FFC0069C69D /* Theme */ = {
			isa = PBXGroup;
			children = (
				1111DBE42CFA80130069C69D /* AppTheme.swift */,
			);
			path = Theme;
			sourceTree = "<group>";
		};
		1111DBF02CFB62E40069C69D /* Home */ = {
			isa = PBXGroup;
			children = (
				1111DBF12CFB62F30069C69D /* HomeScreen.swift */,
			);
			path = Home;
			sourceTree = "<group>";
		};
		1111DBF52CFB670D0069C69D /* CommonViews */ = {
			isa = PBXGroup;
			children = (
				11232FD62D079A130070F9F9 /* AttachmentView.swift */,
				11232FA22D05FFB10070F9F9 /* StatusSelectionView.swift */,
				1111DBF62CFB671C0069C69D /* PhotoPickerView.swift */,
			);
			path = CommonViews;
			sourceTree = "<group>";
		};
		1111DC382CFE3A210069C69D /* Utils */ = {
			isa = PBXGroup;
			children = (
				1111DC392CFE3A3F0069C69D /* DateUtils.swift */,
				11942AFD2CFF3E5200F247BF /* Extensions.swift */,
			);
			path = Utils;
			sourceTree = "<group>";
		};
		11232F102D05140C0070F9F9 /* Goal */ = {
			isa = PBXGroup;
			children = (
				11232F502D052DAB0070F9F9 /* GoalEnums.swift */,
				11232F112D0514190070F9F9 /* GoalEntity.swift */,
			);
			path = Goal;
			sourceTree = "<group>";
		};
		11232F152D0516EE0070F9F9 /* Target */ = {
			isa = PBXGroup;
			children = (
				1111DC022CFE23E00069C69D /* TargetEnums.swift */,
				11232F162D0516F90070F9F9 /* TargetEntity.swift */,
			);
			path = Target;
			sourceTree = "<group>";
		};
		11232F1A2D0517DF0070F9F9 /* Task */ = {
			isa = PBXGroup;
			children = (
				117CAD9E2CFA35AB00CF18ED /* TaskEnums.swift */,
				11232F1B2D0517EF0070F9F9 /* TaskEntity.swift */,
			);
			path = Task;
			sourceTree = "<group>";
		};
		11232F1F2D051A8A0070F9F9 /* Routine */ = {
			isa = PBXGroup;
			children = (
				11232F212D051BBE0070F9F9 /* RoutineEntity.swift */,
			);
			path = Routine;
			sourceTree = "<group>";
		};
		11232F202D051A920070F9F9 /* Schedule */ = {
			isa = PBXGroup;
			children = (
				11232F252D051C290070F9F9 /* ScheduleEntity.swift */,
			);
			path = Schedule;
			sourceTree = "<group>";
		};
		11232F292D0524180070F9F9 /* Goal */ = {
			isa = PBXGroup;
			children = (
				11232F2A2D0524260070F9F9 /* GoalRepository.swift */,
				11232F2F2D05245D0070F9F9 /* GoalRepositoryImpl.swift */,
			);
			path = Goal;
			sourceTree = "<group>";
		};
		11232F332D0527B90070F9F9 /* Goal */ = {
			isa = PBXGroup;
			children = (
				11232F342D0527C30070F9F9 /* GoalService.swift */,
				11232F382D05299C0070F9F9 /* GoalServiceImpl.swift */,
			);
			path = Goal;
			sourceTree = "<group>";
		};
		11232F3C2D052AFA0070F9F9 /* Goal */ = {
			isa = PBXGroup;
			children = (
				11232F472D052D110070F9F9 /* Form */,
				11232F542D05E1660070F9F9 /* GoalListView.swift */,
			);
			path = Goal;
			sourceTree = "<group>";
		};
		11232F3D2D052B080070F9F9 /* Goal */ = {
			isa = PBXGroup;
			children = (
				11232F582D05E2080070F9F9 /* GoalListViewModel.swift */,
				11232F3E2D052BB70070F9F9 /* Forms */,
			);
			path = Goal;
			sourceTree = "<group>";
		};
		11232F3E2D052BB70070F9F9 /* Forms */ = {
			isa = PBXGroup;
			children = (
				11232F3F2D052BC70070F9F9 /* GoalFormViewModel.swift */,
			);
			path = Forms;
			sourceTree = "<group>";
		};
		11232F472D052D110070F9F9 /* Form */ = {
			isa = PBXGroup;
			children = (
				11232F482D052D2C0070F9F9 /* GoalTypeSelectionView.swift */,
				11232F4C2D052D600070F9F9 /* PrioritySelectionView.swift */,
				11232F432D052CBF0070F9F9 /* GoalFormView.swift */,
			);
			path = Form;
			sourceTree = "<group>";
		};
		11232F682D05FB980070F9F9 /* Task */ = {
			isa = PBXGroup;
			children = (
				11232F712D05FBCE0070F9F9 /* TaskRepositoryImpl.swift */,
				11232F692D05FBA40070F9F9 /* TaskRepository.swift */,
			);
			path = Task;
			sourceTree = "<group>";
		};
		11232F792D05FC3F0070F9F9 /* Task */ = {
			isa = PBXGroup;
			children = (
				11232F7E2D05FC5D0070F9F9 /* TaskServiceImpl.swift */,
				11232F7A2D05FC460070F9F9 /* TaskService.swift */,
			);
			path = Task;
			sourceTree = "<group>";
		};
		11232F822D05FCF50070F9F9 /* Task */ = {
			isa = PBXGroup;
			children = (
				11232FD22D078A3C0070F9F9 /* TaskDetailsViewModel.swift */,
				11232F8D2D05FD320070F9F9 /* Forms */,
				11232F882D05FD190070F9F9 /* TaskListViewModel.swift */,
			);
			path = Task;
			sourceTree = "<group>";
		};
		11232F832D05FCFB0070F9F9 /* Target */ = {
			isa = PBXGroup;
			children = (
				11232FB22D0628780070F9F9 /* TargetDetailsViewModel.swift */,
				11232F8C2D05FD2C0070F9F9 /* Forms */,
				11232F842D05FD040070F9F9 /* TargetListViewModel.swift */,
			);
			path = Target;
			sourceTree = "<group>";
		};
		11232F8C2D05FD2C0070F9F9 /* Forms */ = {
			isa = PBXGroup;
			children = (
				11232F922D05FD690070F9F9 /* TargetFormViewModel.swift */,
			);
			path = Forms;
			sourceTree = "<group>";
		};
		11232F8D2D05FD320070F9F9 /* Forms */ = {
			isa = PBXGroup;
			children = (
				11232F8E2D05FD570070F9F9 /* TaskFormViewModel.swift */,
			);
			path = Forms;
			sourceTree = "<group>";
		};
		11232F962D05FE0D0070F9F9 /* Task */ = {
			isa = PBXGroup;
			children = (
				11232FCE2D078A1A0070F9F9 /* TaskDetailsView.swift */,
				11232FA62D0623E20070F9F9 /* TaskListView.swift */,
				11232F982D05FE170070F9F9 /* Forms */,
			);
			path = Task;
			sourceTree = "<group>";
		};
		11232F972D05FE120070F9F9 /* Target */ = {
			isa = PBXGroup;
			children = (
				11232FAE2D06284B0070F9F9 /* TargetDetailsView.swift */,
				11232FAA2D06276D0070F9F9 /* TargetListView.swift */,
				11232F992D05FE1C0070F9F9 /* Forms */,
			);
			path = Target;
			sourceTree = "<group>";
		};
		11232F982D05FE170070F9F9 /* Forms */ = {
			isa = PBXGroup;
			children = (
				11232F9E2D05FE330070F9F9 /* TaskFormView.swift */,
			);
			path = Forms;
			sourceTree = "<group>";
		};
		11232F992D05FE1C0070F9F9 /* Forms */ = {
			isa = PBXGroup;
			children = (
				11232F9A2D05FE210070F9F9 /* TargetFormView.swift */,
			);
			path = Forms;
			sourceTree = "<group>";
		};
		11232FB62D0630E20070F9F9 /* DI */ = {
			isa = PBXGroup;
			children = (
				11232FB72D0631090070F9F9 /* DIConfig.swift */,
			);
			path = DI;
			sourceTree = "<group>";
		};
		11232FBB2D0631AD0070F9F9 /* Realm */ = {
			isa = PBXGroup;
			children = (
				11232FBC2D0631C20070F9F9 /* RealmManager.swift */,
			);
			path = Realm;
			sourceTree = "<group>";
		};
		11232FC02D07843D0070F9F9 /* FileManager */ = {
			isa = PBXGroup;
			children = (
				11232FC12D07844D0070F9F9 /* FileManager.swift */,
			);
			path = FileManager;
			sourceTree = "<group>";
		};
		11232FDA2D079B070070F9F9 /* Attachment */ = {
			isa = PBXGroup;
			children = (
				11232FDB2D079B130070F9F9 /* AttachmentEntity.swift */,
			);
			path = Attachment;
			sourceTree = "<group>";
		};
		117CAD772CFA34EF00CF18ED /* Models */ = {
			isa = PBXGroup;
			children = (
				11232FDA2D079B070070F9F9 /* Attachment */,
				11232F202D051A920070F9F9 /* Schedule */,
				11232F1F2D051A8A0070F9F9 /* Routine */,
				11232F1A2D0517DF0070F9F9 /* Task */,
				11232F152D0516EE0070F9F9 /* Target */,
				11232F102D05140C0070F9F9 /* Goal */,
			);
			path = Models;
			sourceTree = "<group>";
		};
		117CAD7A2CFA34EF00CF18ED /* Target */ = {
			isa = PBXGroup;
			children = (
				11232F5C2D05F7090070F9F9 /* TargetRepositoryImpl.swift */,
				117CAD782CFA34EF00CF18ED /* TargetRepository.swift */,
			);
			path = Target;
			sourceTree = "<group>";
		};
		117CAD7B2CFA34EF00CF18ED /* Repositories */ = {
			isa = PBXGroup;
			children = (
				11232FBB2D0631AD0070F9F9 /* Realm */,
				11232F682D05FB980070F9F9 /* Task */,
				11232F292D0524180070F9F9 /* Goal */,
				117CAD7A2CFA34EF00CF18ED /* Target */,
			);
			path = Repositories;
			sourceTree = "<group>";
		};
		117CAD7D2CFA34EF00CF18ED /* Target */ = {
			isa = PBXGroup;
			children = (
				11232F642D05FAD50070F9F9 /* TargetService.swift */,
				11232F602D05F78A0070F9F9 /* TargetServiceImpl.swift */,
			);
			path = Target;
			sourceTree = "<group>";
		};
		117CAD7E2CFA34EF00CF18ED /* Services */ = {
			isa = PBXGroup;
			children = (
				11232FC02D07843D0070F9F9 /* FileManager */,
				11232F792D05FC3F0070F9F9 /* Task */,
				11232F332D0527B90070F9F9 /* Goal */,
				117CAD7D2CFA34EF00CF18ED /* Target */,
			);
			path = Services;
			sourceTree = "<group>";
		};
		117CAD812CFA34EF00CF18ED /* ViewModels */ = {
			isa = PBXGroup;
			children = (
				11232F832D05FCFB0070F9F9 /* Target */,
				11232F822D05FCF50070F9F9 /* Task */,
				11232F3D2D052B080070F9F9 /* Goal */,
			);
			path = ViewModels;
			sourceTree = "<group>";
		};
		117CAD832CFA34EF00CF18ED /* Login */ = {
			isa = PBXGroup;
			children = (
			);
			path = Login;
			sourceTree = "<group>";
		};
		117CAD862CFA34EF00CF18ED /* Views */ = {
			isa = PBXGroup;
			children = (
				11232F972D05FE120070F9F9 /* Target */,
				11232F962D05FE0D0070F9F9 /* Task */,
				11232F3C2D052AFA0070F9F9 /* Goal */,
				1111DBF52CFB670D0069C69D /* CommonViews */,
				1111DBF02CFB62E40069C69D /* Home */,
				1111DBE32CFA7FFC0069C69D /* Theme */,
				117CAD832CFA34EF00CF18ED /* Login */,
			);
			path = Views;
			sourceTree = "<group>";
		};
		117CAD872CFA34EF00CF18ED /* Sources */ = {
			isa = PBXGroup;
			children = (
				11232FB62D0630E20070F9F9 /* DI */,
				1111DC382CFE3A210069C69D /* Utils */,
				117CAD772CFA34EF00CF18ED /* Models */,
				117CAD7B2CFA34EF00CF18ED /* Repositories */,
				117CAD7E2CFA34EF00CF18ED /* Services */,
				117CAD812CFA34EF00CF18ED /* ViewModels */,
				117CAD862CFA34EF00CF18ED /* Views */,
			);
			path = Sources;
			sourceTree = "<group>";
		};
		117CADA22CFA35B800CF18ED /* Resources */ = {
			isa = PBXGroup;
			children = (
				1187F1322CF4ED750068B243 /* Preview Content */,
				1187F1302CF4ED750068B243 /* Assets.xcassets */,
			);
			path = Resources;
			sourceTree = "<group>";
		};
		1187F11E2CF4ED720068B243 = {
			isa = PBXGroup;
			children = (
				1187F1292CF4ED720068B243 /* MyPath */,
				1187F13C2CF4ED760068B243 /* MyPathTests */,
				1187F1462CF4ED760068B243 /* MyPathUITests */,
				1187F1282CF4ED720068B243 /* Products */,
				DBFDCAE9C6AB7E97365AAB4D /* Pods */,
				5A4FB43E259F834F8EE806D0 /* Frameworks */,
			);
			sourceTree = "<group>";
		};
		1187F1282CF4ED720068B243 /* Products */ = {
			isa = PBXGroup;
			children = (
				1187F1272CF4ED720068B243 /* MyPath.app */,
				1187F1392CF4ED760068B243 /* MyPathTests.xctest */,
				1187F1432CF4ED760068B243 /* MyPathUITests.xctest */,
			);
			name = Products;
			sourceTree = "<group>";
		};
		1187F1292CF4ED720068B243 /* MyPath */ = {
			isa = PBXGroup;
			children = (
				117CADA22CFA35B800CF18ED /* Resources */,
				117CAD872CFA34EF00CF18ED /* Sources */,
				1187F12A2CF4ED720068B243 /* MyPathApp.swift */,
			);
			path = MyPath;
			sourceTree = "<group>";
		};
		1187F1322CF4ED750068B243 /* Preview Content */ = {
			isa = PBXGroup;
			children = (
				1187F1332CF4ED750068B243 /* Preview Assets.xcassets */,
			);
			path = "Preview Content";
			sourceTree = "<group>";
		};
		1187F13C2CF4ED760068B243 /* MyPathTests */ = {
			isa = PBXGroup;
			children = (
				1187F13D2CF4ED760068B243 /* MyPathTests.swift */,
			);
			path = MyPathTests;
			sourceTree = "<group>";
		};
		1187F1462CF4ED760068B243 /* MyPathUITests */ = {
			isa = PBXGroup;
			children = (
				1187F1472CF4ED760068B243 /* MyPathUITests.swift */,
				1187F1492CF4ED760068B243 /* MyPathUITestsLaunchTests.swift */,
			);
			path = MyPathUITests;
			sourceTree = "<group>";
		};
		5A4FB43E259F834F8EE806D0 /* Frameworks */ = {
			isa = PBXGroup;
			children = (
				F76BFD372843E6C5A9786DA1 /* Pods_MyPath.framework */,
				49EB5E3453F7340430032AA9 /* Pods_MyPath_MyPathUITests.framework */,
				535299077C3B571A7093CAA6 /* Pods_MyPathTests.framework */,
			);
			name = Frameworks;
			sourceTree = "<group>";
		};
		DBFDCAE9C6AB7E97365AAB4D /* Pods */ = {
			isa = PBXGroup;
			children = (
				2840573C66FD3B84D23F0F66 /* Pods-MyPath.debug.xcconfig */,
				C862917ECA9C179A38BBEC44 /* Pods-MyPath.release.xcconfig */,
				74E7582B3B3132192F04A32C /* Pods-MyPath-MyPathUITests.debug.xcconfig */,
				3EFCDC624F1946A56D992222 /* Pods-MyPath-MyPathUITests.release.xcconfig */,
				F29BA282AA5382580F62E531 /* Pods-MyPathTests.debug.xcconfig */,
				4E9C2F702799B629E8B75685 /* Pods-MyPathTests.release.xcconfig */,
			);
			path = Pods;
			sourceTree = "<group>";
		};
/* End PBXGroup section */

/* Begin PBXNativeTarget section */
		1187F1262CF4ED720068B243 /* MyPath */ = {
			isa = PBXNativeTarget;
			buildConfigurationList = 1187F14D2CF4ED760068B243 /* Build configuration list for PBXNativeTarget "MyPath" */;
			buildPhases = (
				FD1798DE3C919DEA6FB1BAAF /* [CP] Check Pods Manifest.lock */,
				1187F1232CF4ED720068B243 /* Sources */,
				1187F1242CF4ED720068B243 /* Frameworks */,
				1187F1252CF4ED720068B243 /* Resources */,
				D8B58BEEB27223D185FC76FB /* [CP] Embed Pods Frameworks */,
			);
			buildRules = (
			);
			dependencies = (
			);
			name = MyPath;
			productName = MyPath;
			productReference = 1187F1272CF4ED720068B243 /* MyPath.app */;
			productType = "com.apple.product-type.application";
		};
		1187F1382CF4ED760068B243 /* MyPathTests */ = {
			isa = PBXNativeTarget;
			buildConfigurationList = 1187F1502CF4ED760068B243 /* Build configuration list for PBXNativeTarget "MyPathTests" */;
			buildPhases = (
				F44B1096CD22B66AFD337996 /* [CP] Check Pods Manifest.lock */,
				1187F1352CF4ED760068B243 /* Sources */,
				1187F1362CF4ED760068B243 /* Frameworks */,
				1187F1372CF4ED760068B243 /* Resources */,
			);
			buildRules = (
			);
			dependencies = (
				1187F13B2CF4ED760068B243 /* PBXTargetDependency */,
			);
			name = MyPathTests;
			productName = MyPathTests;
			productReference = 1187F1392CF4ED760068B243 /* MyPathTests.xctest */;
			productType = "com.apple.product-type.bundle.unit-test";
		};
		1187F1422CF4ED760068B243 /* MyPathUITests */ = {
			isa = PBXNativeTarget;
			buildConfigurationList = 1187F1532CF4ED760068B243 /* Build configuration list for PBXNativeTarget "MyPathUITests" */;
			buildPhases = (
				92A3712822596952DE2F2687 /* [CP] Check Pods Manifest.lock */,
				1187F13F2CF4ED760068B243 /* Sources */,
				1187F1402CF4ED760068B243 /* Frameworks */,
				1187F1412CF4ED760068B243 /* Resources */,
				E2E87B8C43739963D912B879 /* [CP] Embed Pods Frameworks */,
			);
			buildRules = (
			);
			dependencies = (
				1187F1452CF4ED760068B243 /* PBXTargetDependency */,
			);
			name = MyPathUITests;
			productName = MyPathUITests;
			productReference = 1187F1432CF4ED760068B243 /* MyPathUITests.xctest */;
			productType = "com.apple.product-type.bundle.ui-testing";
		};
/* End PBXNativeTarget section */

/* Begin PBXProject section */
		1187F11F2CF4ED720068B243 /* Project object */ = {
			isa = PBXProject;
			attributes = {
				BuildIndependentTargetsInParallel = 1;
				LastSwiftUpdateCheck = 1540;
				LastUpgradeCheck = 1540;
				TargetAttributes = {
					1187F1262CF4ED720068B243 = {
						CreatedOnToolsVersion = 15.4;
					};
					1187F1382CF4ED760068B243 = {
						CreatedOnToolsVersion = 15.4;
						TestTargetID = 1187F1262CF4ED720068B243;
					};
					1187F1422CF4ED760068B243 = {
						CreatedOnToolsVersion = 15.4;
						TestTargetID = 1187F1262CF4ED720068B243;
					};
				};
			};
			buildConfigurationList = 1187F1222CF4ED720068B243 /* Build configuration list for PBXProject "MyPath" */;
			compatibilityVersion = "Xcode 14.0";
			developmentRegion = en;
			hasScannedForEncodings = 0;
			knownRegions = (
				en,
				Base,
			);
			mainGroup = 1187F11E2CF4ED720068B243;
			productRefGroup = 1187F1282CF4ED720068B243 /* Products */;
			projectDirPath = "";
			projectRoot = "";
			targets = (
				1187F1262CF4ED720068B243 /* MyPath */,
				1187F1382CF4ED760068B243 /* MyPathTests */,
				1187F1422CF4ED760068B243 /* MyPathUITests */,
			);
		};
/* End PBXProject section */

/* Begin PBXResourcesBuildPhase section */
		1187F1252CF4ED720068B243 /* Resources */ = {
			isa = PBXResourcesBuildPhase;
			buildActionMask = 2147483647;
			files = (
				1187F1342CF4ED750068B243 /* Preview Assets.xcassets in Resources */,
				1187F1312CF4ED750068B243 /* Assets.xcassets in Resources */,
			);
			runOnlyForDeploymentPostprocessing = 0;
		};
		1187F1372CF4ED760068B243 /* Resources */ = {
			isa = PBXResourcesBuildPhase;
			buildActionMask = 2147483647;
			files = (
			);
			runOnlyForDeploymentPostprocessing = 0;
		};
		1187F1412CF4ED760068B243 /* Resources */ = {
			isa = PBXResourcesBuildPhase;
			buildActionMask = 2147483647;
			files = (
			);
			runOnlyForDeploymentPostprocessing = 0;
		};
/* End PBXResourcesBuildPhase section */

/* Begin PBXShellScriptBuildPhase section */
		92A3712822596952DE2F2687 /* [CP] Check Pods Manifest.lock */ = {
			isa = PBXShellScriptBuildPhase;
			buildActionMask = 2147483647;
			files = (
			);
			inputFileListPaths = (
			);
			inputPaths = (
				"${PODS_PODFILE_DIR_PATH}/Podfile.lock",
				"${PODS_ROOT}/Manifest.lock",
			);
			name = "[CP] Check Pods Manifest.lock";
			outputFileListPaths = (
			);
			outputPaths = (
				"$(DERIVED_FILE_DIR)/Pods-MyPath-MyPathUITests-checkManifestLockResult.txt",
			);
			runOnlyForDeploymentPostprocessing = 0;
			shellPath = /bin/sh;
			shellScript = "diff \"${PODS_PODFILE_DIR_PATH}/Podfile.lock\" \"${PODS_ROOT}/Manifest.lock\" > /dev/null\nif [ $? != 0 ] ; then\n    # print error to STDERR\n    echo \"error: The sandbox is not in sync with the Podfile.lock. Run 'pod install' or update your CocoaPods installation.\" >&2\n    exit 1\nfi\n# This output is used by Xcode 'outputs' to avoid re-running this script phase.\necho \"SUCCESS\" > \"${SCRIPT_OUTPUT_FILE_0}\"\n";
			showEnvVarsInLog = 0;
		};
		D8B58BEEB27223D185FC76FB /* [CP] Embed Pods Frameworks */ = {
			isa = PBXShellScriptBuildPhase;
			buildActionMask = 2147483647;
			files = (
			);
			inputFileListPaths = (
				"${PODS_ROOT}/Target Support Files/Pods-MyPath/Pods-MyPath-frameworks-${CONFIGURATION}-input-files.xcfilelist",
			);
			name = "[CP] Embed Pods Frameworks";
			outputFileListPaths = (
				"${PODS_ROOT}/Target Support Files/Pods-MyPath/Pods-MyPath-frameworks-${CONFIGURATION}-output-files.xcfilelist",
			);
			runOnlyForDeploymentPostprocessing = 0;
			shellPath = /bin/sh;
			shellScript = "\"${PODS_ROOT}/Target Support Files/Pods-MyPath/Pods-MyPath-frameworks.sh\"\n";
			showEnvVarsInLog = 0;
		};
		E2E87B8C43739963D912B879 /* [CP] Embed Pods Frameworks */ = {
			isa = PBXShellScriptBuildPhase;
			buildActionMask = 2147483647;
			files = (
			);
			inputFileListPaths = (
				"${PODS_ROOT}/Target Support Files/Pods-MyPath-MyPathUITests/Pods-MyPath-MyPathUITests-frameworks-${CONFIGURATION}-input-files.xcfilelist",
			);
			name = "[CP] Embed Pods Frameworks";
			outputFileListPaths = (
				"${PODS_ROOT}/Target Support Files/Pods-MyPath-MyPathUITests/Pods-MyPath-MyPathUITests-frameworks-${CONFIGURATION}-output-files.xcfilelist",
			);
			runOnlyForDeploymentPostprocessing = 0;
			shellPath = /bin/sh;
			shellScript = "\"${PODS_ROOT}/Target Support Files/Pods-MyPath-MyPathUITests/Pods-MyPath-MyPathUITests-frameworks.sh\"\n";
			showEnvVarsInLog = 0;
		};
		F44B1096CD22B66AFD337996 /* [CP] Check Pods Manifest.lock */ = {
			isa = PBXShellScriptBuildPhase;
			buildActionMask = 2147483647;
			files = (
			);
			inputFileListPaths = (
			);
			inputPaths = (
				"${PODS_PODFILE_DIR_PATH}/Podfile.lock",
				"${PODS_ROOT}/Manifest.lock",
			);
			name = "[CP] Check Pods Manifest.lock";
			outputFileListPaths = (
			);
			outputPaths = (
				"$(DERIVED_FILE_DIR)/Pods-MyPathTests-checkManifestLockResult.txt",
			);
			runOnlyForDeploymentPostprocessing = 0;
			shellPath = /bin/sh;
			shellScript = "diff \"${PODS_PODFILE_DIR_PATH}/Podfile.lock\" \"${PODS_ROOT}/Manifest.lock\" > /dev/null\nif [ $? != 0 ] ; then\n    # print error to STDERR\n    echo \"error: The sandbox is not in sync with the Podfile.lock. Run 'pod install' or update your CocoaPods installation.\" >&2\n    exit 1\nfi\n# This output is used by Xcode 'outputs' to avoid re-running this script phase.\necho \"SUCCESS\" > \"${SCRIPT_OUTPUT_FILE_0}\"\n";
			showEnvVarsInLog = 0;
		};
		FD1798DE3C919DEA6FB1BAAF /* [CP] Check Pods Manifest.lock */ = {
			isa = PBXShellScriptBuildPhase;
			buildActionMask = 2147483647;
			files = (
			);
			inputFileListPaths = (
			);
			inputPaths = (
				"${PODS_PODFILE_DIR_PATH}/Podfile.lock",
				"${PODS_ROOT}/Manifest.lock",
			);
			name = "[CP] Check Pods Manifest.lock";
			outputFileListPaths = (
			);
			outputPaths = (
				"$(DERIVED_FILE_DIR)/Pods-MyPath-checkManifestLockResult.txt",
			);
			runOnlyForDeploymentPostprocessing = 0;
			shellPath = /bin/sh;
			shellScript = "diff \"${PODS_PODFILE_DIR_PATH}/Podfile.lock\" \"${PODS_ROOT}/Manifest.lock\" > /dev/null\nif [ $? != 0 ] ; then\n    # print error to STDERR\n    echo \"error: The sandbox is not in sync with the Podfile.lock. Run 'pod install' or update your CocoaPods installation.\" >&2\n    exit 1\nfi\n# This output is used by Xcode 'outputs' to avoid re-running this script phase.\necho \"SUCCESS\" > \"${SCRIPT_OUTPUT_FILE_0}\"\n";
			showEnvVarsInLog = 0;
		};
/* End PBXShellScriptBuildPhase section */

/* Begin PBXSourcesBuildPhase section */
		1187F1232CF4ED720068B243 /* Sources */ = {
			isa = PBXSourcesBuildPhase;
			buildActionMask = 2147483647;
			files = (
				11232F362D0527C30070F9F9 /* GoalService.swift in Sources */,
				11232FA32D05FFB10070F9F9 /* StatusSelectionView.swift in Sources */,
				11232F5F2D05F7140070F9F9 /* TargetRepositoryImpl.swift in Sources */,
				11232F6B2D05FBA40070F9F9 /* TaskRepository.swift in Sources */,
				117CAD882CFA34EF00CF18ED /* TargetRepository.swift in Sources */,
				11232FBF2D0631C20070F9F9 /* RealmManager.swift in Sources */,
				11232F672D05FAD90070F9F9 /* TargetService.swift in Sources */,
				11232FA72D0623E60070F9F9 /* TaskListView.swift in Sources */,
				11232F232D051BBE0070F9F9 /* RoutineEntity.swift in Sources */,
				1111DBE52CFA80130069C69D /* AppTheme.swift in Sources */,
				11232F4B2D052D370070F9F9 /* GoalTypeSelectionView.swift in Sources */,
				11232FB02D0628530070F9F9 /* TargetDetailsView.swift in Sources */,
				11232F192D0516F90070F9F9 /* TargetEntity.swift in Sources */,
				1111DC3A2CFE3A3F0069C69D /* DateUtils.swift in Sources */,
				11232F7D2D05FC4B0070F9F9 /* TaskService.swift in Sources */,
				11232FAB2D0627720070F9F9 /* TargetListView.swift in Sources */,
				1187F12B2CF4ED720068B243 /* MyPathApp.swift in Sources */,
				11232F3B2D05299C0070F9F9 /* GoalServiceImpl.swift in Sources */,
				11232F122D0514190070F9F9 /* GoalEntity.swift in Sources */,
				11232F8F2D05FD640070F9F9 /* TaskFormViewModel.swift in Sources */,
				11232F742D05FBCE0070F9F9 /* TaskRepositoryImpl.swift in Sources */,
				11232FB42D06287D0070F9F9 /* TargetDetailsViewModel.swift in Sources */,
				11232FBA2D06310D0070F9F9 /* DIConfig.swift in Sources */,
				11232F5B2D05E20E0070F9F9 /* GoalListViewModel.swift in Sources */,
				11232F522D052DB40070F9F9 /* GoalEnums.swift in Sources */,
				1111DBF72CFB671C0069C69D /* PhotoPickerView.swift in Sources */,
				11232F4F2D052D630070F9F9 /* PrioritySelectionView.swift in Sources */,
				1111DBF22CFB62F30069C69D /* HomeScreen.swift in Sources */,
				11232FD32D078A450070F9F9 /* TaskDetailsViewModel.swift in Sources */,
				11232F2B2D0524260070F9F9 /* GoalRepository.swift in Sources */,
				11232FD72D079A1B0070F9F9 /* AttachmentView.swift in Sources */,
				1111DC032CFE23E00069C69D /* TargetEnums.swift in Sources */,
				11232FC22D07844D0070F9F9 /* FileManager.swift in Sources */,
				11232F572D05E1670070F9F9 /* GoalListView.swift in Sources */,
				11232F802D05FC610070F9F9 /* TaskServiceImpl.swift in Sources */,
				11232F8A2D05FD220070F9F9 /* TaskListViewModel.swift in Sources */,
				11232F452D052CBF0070F9F9 /* GoalFormView.swift in Sources */,
				11942AFE2CFF3E5200F247BF /* Extensions.swift in Sources */,
				117CAD9F2CFA35AB00CF18ED /* TaskEnums.swift in Sources */,
				11232FDC2D079B130070F9F9 /* AttachmentEntity.swift in Sources */,
				11232F302D05245D0070F9F9 /* GoalRepositoryImpl.swift in Sources */,
				11232F9F2D05FE370070F9F9 /* TaskFormView.swift in Sources */,
				11232F622D05F78B0070F9F9 /* TargetServiceImpl.swift in Sources */,
				11232F952D05FD710070F9F9 /* TargetFormViewModel.swift in Sources */,
				11232FD12D078A1E0070F9F9 /* TaskDetailsView.swift in Sources */,
				11232F1D2D0517EF0070F9F9 /* TaskEntity.swift in Sources */,
				11232F9D2D05FE270070F9F9 /* TargetFormView.swift in Sources */,
				11232F422D052BC70070F9F9 /* GoalFormViewModel.swift in Sources */,
				11232F272D051C290070F9F9 /* ScheduleEntity.swift in Sources */,
				11232F872D05FD120070F9F9 /* TargetListViewModel.swift in Sources */,
			);
			runOnlyForDeploymentPostprocessing = 0;
		};
		1187F1352CF4ED760068B243 /* Sources */ = {
			isa = PBXSourcesBuildPhase;
			buildActionMask = 2147483647;
			files = (
				11232FAF2D0628530070F9F9 /* TargetDetailsView.swift in Sources */,
				11232F662D05FAD90070F9F9 /* TargetService.swift in Sources */,
				11232F222D051BBE0070F9F9 /* RoutineEntity.swift in Sources */,
				11232F4E2D052D630070F9F9 /* PrioritySelectionView.swift in Sources */,
				11232F862D05FD120070F9F9 /* TargetListViewModel.swift in Sources */,
				11232F322D05245D0070F9F9 /* GoalRepositoryImpl.swift in Sources */,
				11232F2C2D0524260070F9F9 /* GoalRepository.swift in Sources */,
				11232F132D0514190070F9F9 /* GoalEntity.swift in Sources */,
				11232FDE2D079B130070F9F9 /* AttachmentEntity.swift in Sources */,
				11232F6A2D05FBA40070F9F9 /* TaskRepository.swift in Sources */,
				1111DBE62CFA80130069C69D /* AppTheme.swift in Sources */,
				1111DC3B2CFE3A3F0069C69D /* DateUtils.swift in Sources */,
				117CAD892CFA34F000CF18ED /* TargetRepository.swift in Sources */,
				11232F512D052DB40070F9F9 /* GoalEnums.swift in Sources */,
				11232FBD2D0631C20070F9F9 /* RealmManager.swift in Sources */,
				11232F722D05FBCE0070F9F9 /* TaskRepositoryImpl.swift in Sources */,
				11232FC42D07844D0070F9F9 /* FileManager.swift in Sources */,
				11232F942D05FD710070F9F9 /* TargetFormViewModel.swift in Sources */,
				1111DBF82CFB671C0069C69D /* PhotoPickerView.swift in Sources */,
				11232F5A2D05E20E0070F9F9 /* GoalListViewModel.swift in Sources */,
				11232FD52D078A450070F9F9 /* TaskDetailsViewModel.swift in Sources */,
				11232FD02D078A1E0070F9F9 /* TaskDetailsView.swift in Sources */,
				1111DBF32CFB62F30069C69D /* HomeScreen.swift in Sources */,
				11232F3A2D05299C0070F9F9 /* GoalServiceImpl.swift in Sources */,
				11232F172D0516F90070F9F9 /* TargetEntity.swift in Sources */,
				11232FB32D06287D0070F9F9 /* TargetDetailsViewModel.swift in Sources */,
				11232FD92D079A1B0070F9F9 /* AttachmentView.swift in Sources */,
				11232F1C2D0517EF0070F9F9 /* TaskEntity.swift in Sources */,
				11232FA92D0623E60070F9F9 /* TaskListView.swift in Sources */,
				11232FAD2D0627720070F9F9 /* TargetListView.swift in Sources */,
				11232F282D051C290070F9F9 /* ScheduleEntity.swift in Sources */,
				1187F13E2CF4ED760068B243 /* MyPathTests.swift in Sources */,
				11232F7B2D05FC4B0070F9F9 /* TaskService.swift in Sources */,
				11232F9B2D05FE270070F9F9 /* TargetFormView.swift in Sources */,
				11232F8B2D05FD220070F9F9 /* TaskListViewModel.swift in Sources */,
				11232F412D052BC70070F9F9 /* GoalFormViewModel.swift in Sources */,
				1111DC042CFE23E00069C69D /* TargetEnums.swift in Sources */,
				11232F612D05F78B0070F9F9 /* TargetServiceImpl.swift in Sources */,
				11232FB82D06310D0070F9F9 /* DIConfig.swift in Sources */,
				117CADA02CFA35AB00CF18ED /* TaskEnums.swift in Sources */,
				11232FA52D05FFB10070F9F9 /* StatusSelectionView.swift in Sources */,
				11232F7F2D05FC610070F9F9 /* TaskServiceImpl.swift in Sources */,
				11232F352D0527C30070F9F9 /* GoalService.swift in Sources */,
				11232F902D05FD640070F9F9 /* TaskFormViewModel.swift in Sources */,
				11232FA12D05FE370070F9F9 /* TaskFormView.swift in Sources */,
				11232F4A2D052D370070F9F9 /* GoalTypeSelectionView.swift in Sources */,
				11232F462D052CBF0070F9F9 /* GoalFormView.swift in Sources */,
				11232F5E2D05F7140070F9F9 /* TargetRepositoryImpl.swift in Sources */,
				11232F552D05E1660070F9F9 /* GoalListView.swift in Sources */,
			);
			runOnlyForDeploymentPostprocessing = 0;
		};
		1187F13F2CF4ED760068B243 /* Sources */ = {
			isa = PBXSourcesBuildPhase;
			buildActionMask = 2147483647;
			files = (
				11232FB12D0628530070F9F9 /* TargetDetailsView.swift in Sources */,
				11232F652D05FAD90070F9F9 /* TargetService.swift in Sources */,
				11232F242D051BBE0070F9F9 /* RoutineEntity.swift in Sources */,
				11232F4D2D052D630070F9F9 /* PrioritySelectionView.swift in Sources */,
				11232F852D05FD110070F9F9 /* TargetListViewModel.swift in Sources */,
				11232F312D05245D0070F9F9 /* GoalRepositoryImpl.swift in Sources */,
				11232F2D2D0524260070F9F9 /* GoalRepository.swift in Sources */,
				11232F142D0514190070F9F9 /* GoalEntity.swift in Sources */,
				11232FDD2D079B130070F9F9 /* AttachmentEntity.swift in Sources */,
				117CAD8A2CFA34F000CF18ED /* TargetRepository.swift in Sources */,
				11232F6C2D05FBA40070F9F9 /* TaskRepository.swift in Sources */,
				1111DBF92CFB671C0069C69D /* PhotoPickerView.swift in Sources */,
				1187F1482CF4ED760068B243 /* MyPathUITests.swift in Sources */,
				1187F14A2CF4ED760068B243 /* MyPathUITestsLaunchTests.swift in Sources */,
				11232FBE2D0631C20070F9F9 /* RealmManager.swift in Sources */,
				11232F732D05FBCE0070F9F9 /* TaskRepositoryImpl.swift in Sources */,
				11232FC32D07844D0070F9F9 /* FileManager.swift in Sources */,
				11232F932D05FD710070F9F9 /* TargetFormViewModel.swift in Sources */,
				11232F532D052DB40070F9F9 /* GoalEnums.swift in Sources */,
				1111DBF42CFB62F30069C69D /* HomeScreen.swift in Sources */,
				11232FD42D078A450070F9F9 /* TaskDetailsViewModel.swift in Sources */,
				11232FCF2D078A1E0070F9F9 /* TaskDetailsView.swift in Sources */,
				11232F592D05E20E0070F9F9 /* GoalListViewModel.swift in Sources */,
				1111DC052CFE23E00069C69D /* TargetEnums.swift in Sources */,
				11232F182D0516F90070F9F9 /* TargetEntity.swift in Sources */,
				11232FB52D06287D0070F9F9 /* TargetDetailsViewModel.swift in Sources */,
				11232FD82D079A1B0070F9F9 /* AttachmentView.swift in Sources */,
				11232F392D05299C0070F9F9 /* GoalServiceImpl.swift in Sources */,
				11232FA82D0623E60070F9F9 /* TaskListView.swift in Sources */,
				11232FAC2D0627720070F9F9 /* TargetListView.swift in Sources */,
				11232F1E2D0517EF0070F9F9 /* TaskEntity.swift in Sources */,
				11232F262D051C290070F9F9 /* ScheduleEntity.swift in Sources */,
				11232F7C2D05FC4B0070F9F9 /* TaskService.swift in Sources */,
				11232F9C2D05FE270070F9F9 /* TargetFormView.swift in Sources */,
				11232F892D05FD220070F9F9 /* TaskListViewModel.swift in Sources */,
				11232F402D052BC70070F9F9 /* GoalFormViewModel.swift in Sources */,
				117CADA12CFA35AB00CF18ED /* TaskEnums.swift in Sources */,
				11232F632D05F78B0070F9F9 /* TargetServiceImpl.swift in Sources */,
				11232FB92D06310D0070F9F9 /* DIConfig.swift in Sources */,
				1111DC3C2CFE3A3F0069C69D /* DateUtils.swift in Sources */,
				11232FA42D05FFB10070F9F9 /* StatusSelectionView.swift in Sources */,
				11232F812D05FC610070F9F9 /* TaskServiceImpl.swift in Sources */,
				11232F372D0527C30070F9F9 /* GoalService.swift in Sources */,
				11232F912D05FD640070F9F9 /* TaskFormViewModel.swift in Sources */,
				11232FA02D05FE370070F9F9 /* TaskFormView.swift in Sources */,
				11232F492D052D370070F9F9 /* GoalTypeSelectionView.swift in Sources */,
				11232F442D052CBF0070F9F9 /* GoalFormView.swift in Sources */,
				11232F5D2D05F7140070F9F9 /* TargetRepositoryImpl.swift in Sources */,
				11232F562D05E1670070F9F9 /* GoalListView.swift in Sources */,
			);
			runOnlyForDeploymentPostprocessing = 0;
		};
/* End PBXSourcesBuildPhase section */

/* Begin PBXTargetDependency section */
		1187F13B2CF4ED760068B243 /* PBXTargetDependency */ = {
			isa = PBXTargetDependency;
			target = 1187F1262CF4ED720068B243 /* MyPath */;
			targetProxy = 1187F13A2CF4ED760068B243 /* PBXContainerItemProxy */;
		};
		1187F1452CF4ED760068B243 /* PBXTargetDependency */ = {
			isa = PBXTargetDependency;
			target = 1187F1262CF4ED720068B243 /* MyPath */;
			targetProxy = 1187F1442CF4ED760068B243 /* PBXContainerItemProxy */;
		};
/* End PBXTargetDependency section */

/* Begin XCBuildConfiguration section */
		1187F14B2CF4ED760068B243 /* Debug */ = {
			isa = XCBuildConfiguration;
			buildSettings = {
				ALWAYS_SEARCH_USER_PATHS = NO;
				ASSETCATALOG_COMPILER_GENERATE_SWIFT_ASSET_SYMBOL_EXTENSIONS = YES;
				CLANG_ANALYZER_NONNULL = YES;
				CLANG_ANALYZER_NUMBER_OBJECT_CONVERSION = YES_AGGRESSIVE;
				CLANG_CXX_LANGUAGE_STANDARD = "gnu++20";
				CLANG_ENABLE_MODULES = YES;
				CLANG_ENABLE_OBJC_ARC = YES;
				CLANG_ENABLE_OBJC_WEAK = YES;
				CLANG_WARN_BLOCK_CAPTURE_AUTORELEASING = YES;
				CLANG_WARN_BOOL_CONVERSION = YES;
				CLANG_WARN_COMMA = YES;
				CLANG_WARN_CONSTANT_CONVERSION = YES;
				CLANG_WARN_DEPRECATED_OBJC_IMPLEMENTATIONS = YES;
				CLANG_WARN_DIRECT_OBJC_ISA_USAGE = YES_ERROR;
				CLANG_WARN_DOCUMENTATION_COMMENTS = YES;
				CLANG_WARN_EMPTY_BODY = YES;
				CLANG_WARN_ENUM_CONVERSION = YES;
				CLANG_WARN_INFINITE_RECURSION = YES;
				CLANG_WARN_INT_CONVERSION = YES;
				CLANG_WARN_NON_LITERAL_NULL_CONVERSION = YES;
				CLANG_WARN_OBJC_IMPLICIT_RETAIN_SELF = YES;
				CLANG_WARN_OBJC_LITERAL_CONVERSION = YES;
				CLANG_WARN_OBJC_ROOT_CLASS = YES_ERROR;
				CLANG_WARN_QUOTED_INCLUDE_IN_FRAMEWORK_HEADER = YES;
				CLANG_WARN_RANGE_LOOP_ANALYSIS = YES;
				CLANG_WARN_STRICT_PROTOTYPES = YES;
				CLANG_WARN_SUSPICIOUS_MOVE = YES;
				CLANG_WARN_UNGUARDED_AVAILABILITY = YES_AGGRESSIVE;
				CLANG_WARN_UNREACHABLE_CODE = YES;
				CLANG_WARN__DUPLICATE_METHOD_MATCH = YES;
				COPY_PHASE_STRIP = NO;
				DEBUG_INFORMATION_FORMAT = dwarf;
				ENABLE_STRICT_OBJC_MSGSEND = YES;
				ENABLE_TESTABILITY = YES;
				ENABLE_USER_SCRIPT_SANDBOXING = NO;
				GCC_C_LANGUAGE_STANDARD = gnu17;
				GCC_DYNAMIC_NO_PIC = NO;
				GCC_NO_COMMON_BLOCKS = YES;
				GCC_OPTIMIZATION_LEVEL = 0;
				GCC_PREPROCESSOR_DEFINITIONS = (
					"DEBUG=1",
					"$(inherited)",
				);
				GCC_WARN_64_TO_32_BIT_CONVERSION = YES;
				GCC_WARN_ABOUT_RETURN_TYPE = YES_ERROR;
				GCC_WARN_UNDECLARED_SELECTOR = YES;
				GCC_WARN_UNINITIALIZED_AUTOS = YES_AGGRESSIVE;
				GCC_WARN_UNUSED_FUNCTION = YES;
				GCC_WARN_UNUSED_VARIABLE = YES;
				IPHONEOS_DEPLOYMENT_TARGET = 17.5;
				LOCALIZATION_PREFERS_STRING_CATALOGS = YES;
				MTL_ENABLE_DEBUG_INFO = INCLUDE_SOURCE;
				MTL_FAST_MATH = YES;
				ONLY_ACTIVE_ARCH = YES;
				SDKROOT = iphoneos;
				SWIFT_ACTIVE_COMPILATION_CONDITIONS = "DEBUG $(inherited)";
				SWIFT_OPTIMIZATION_LEVEL = "-Onone";
			};
			name = Debug;
		};
		1187F14C2CF4ED760068B243 /* Release */ = {
			isa = XCBuildConfiguration;
			buildSettings = {
				ALWAYS_SEARCH_USER_PATHS = NO;
				ASSETCATALOG_COMPILER_GENERATE_SWIFT_ASSET_SYMBOL_EXTENSIONS = YES;
				CLANG_ANALYZER_NONNULL = YES;
				CLANG_ANALYZER_NUMBER_OBJECT_CONVERSION = YES_AGGRESSIVE;
				CLANG_CXX_LANGUAGE_STANDARD = "gnu++20";
				CLANG_ENABLE_MODULES = YES;
				CLANG_ENABLE_OBJC_ARC = YES;
				CLANG_ENABLE_OBJC_WEAK = YES;
				CLANG_WARN_BLOCK_CAPTURE_AUTORELEASING = YES;
				CLANG_WARN_BOOL_CONVERSION = YES;
				CLANG_WARN_COMMA = YES;
				CLANG_WARN_CONSTANT_CONVERSION = YES;
				CLANG_WARN_DEPRECATED_OBJC_IMPLEMENTATIONS = YES;
				CLANG_WARN_DIRECT_OBJC_ISA_USAGE = YES_ERROR;
				CLANG_WARN_DOCUMENTATION_COMMENTS = YES;
				CLANG_WARN_EMPTY_BODY = YES;
				CLANG_WARN_ENUM_CONVERSION = YES;
				CLANG_WARN_INFINITE_RECURSION = YES;
				CLANG_WARN_INT_CONVERSION = YES;
				CLANG_WARN_NON_LITERAL_NULL_CONVERSION = YES;
				CLANG_WARN_OBJC_IMPLICIT_RETAIN_SELF = YES;
				CLANG_WARN_OBJC_LITERAL_CONVERSION = YES;
				CLANG_WARN_OBJC_ROOT_CLASS = YES_ERROR;
				CLANG_WARN_QUOTED_INCLUDE_IN_FRAMEWORK_HEADER = YES;
				CLANG_WARN_RANGE_LOOP_ANALYSIS = YES;
				CLANG_WARN_STRICT_PROTOTYPES = YES;
				CLANG_WARN_SUSPICIOUS_MOVE = YES;
				CLANG_WARN_UNGUARDED_AVAILABILITY = YES_AGGRESSIVE;
				CLANG_WARN_UNREACHABLE_CODE = YES;
				CLANG_WARN__DUPLICATE_METHOD_MATCH = YES;
				COPY_PHASE_STRIP = NO;
				DEBUG_INFORMATION_FORMAT = "dwarf-with-dsym";
				ENABLE_NS_ASSERTIONS = NO;
				ENABLE_STRICT_OBJC_MSGSEND = YES;
				ENABLE_USER_SCRIPT_SANDBOXING = NO;
				GCC_C_LANGUAGE_STANDARD = gnu17;
				GCC_NO_COMMON_BLOCKS = YES;
				GCC_WARN_64_TO_32_BIT_CONVERSION = YES;
				GCC_WARN_ABOUT_RETURN_TYPE = YES_ERROR;
				GCC_WARN_UNDECLARED_SELECTOR = YES;
				GCC_WARN_UNINITIALIZED_AUTOS = YES_AGGRESSIVE;
				GCC_WARN_UNUSED_FUNCTION = YES;
				GCC_WARN_UNUSED_VARIABLE = YES;
				IPHONEOS_DEPLOYMENT_TARGET = 17.5;
				LOCALIZATION_PREFERS_STRING_CATALOGS = YES;
				MTL_ENABLE_DEBUG_INFO = NO;
				MTL_FAST_MATH = YES;
				SDKROOT = iphoneos;
				SWIFT_COMPILATION_MODE = wholemodule;
				VALIDATE_PRODUCT = YES;
			};
			name = Release;
		};
		1187F14E2CF4ED760068B243 /* Debug */ = {
			isa = XCBuildConfiguration;
			baseConfigurationReference = 2840573C66FD3B84D23F0F66 /* Pods-MyPath.debug.xcconfig */;
			buildSettings = {
				ASSETCATALOG_COMPILER_APPICON_NAME = AppIcon;
				ASSETCATALOG_COMPILER_GLOBAL_ACCENT_COLOR_NAME = AccentColor;
				CODE_SIGN_STYLE = Automatic;
				CURRENT_PROJECT_VERSION = 1;
				DEVELOPMENT_ASSET_PATHS = "\"MyPath/Resources/Preview Content\"";
				DEVELOPMENT_TEAM = 7PSR4W6336;
				ENABLE_PREVIEWS = YES;
				ENABLE_USER_SCRIPT_SANDBOXING = NO;
				GENERATE_INFOPLIST_FILE = YES;
				INFOPLIST_KEY_NSCameraUsageDescription = "Need this permission";
				INFOPLIST_KEY_NSPhotoLibraryUsageDescription = "Need this permission.";
				INFOPLIST_KEY_UIApplicationSceneManifest_Generation = YES;
				INFOPLIST_KEY_UIApplicationSupportsIndirectInputEvents = YES;
				INFOPLIST_KEY_UILaunchScreen_Generation = YES;
				INFOPLIST_KEY_UISupportedInterfaceOrientations_iPad = "UIInterfaceOrientationPortrait UIInterfaceOrientationPortraitUpsideDown UIInterfaceOrientationLandscapeLeft UIInterfaceOrientationLandscapeRight";
				INFOPLIST_KEY_UISupportedInterfaceOrientations_iPhone = "UIInterfaceOrientationPortrait UIInterfaceOrientationLandscapeLeft UIInterfaceOrientationLandscapeRight";
				LD_RUNPATH_SEARCH_PATHS = (
					"$(inherited)",
					"@executable_path/Frameworks",
				);
				MARKETING_VERSION = 1.0;
				PRODUCT_BUNDLE_IDENTIFIER = org.87f846b77a7d85eb.MyPath;
				PRODUCT_NAME = "$(TARGET_NAME)";
				SWIFT_EMIT_LOC_STRINGS = YES;
				SWIFT_VERSION = 5.0;
				TARGETED_DEVICE_FAMILY = "1,2";
			};
			name = Debug;
		};
		1187F14F2CF4ED760068B243 /* Release */ = {
			isa = XCBuildConfiguration;
			baseConfigurationReference = C862917ECA9C179A38BBEC44 /* Pods-MyPath.release.xcconfig */;
			buildSettings = {
				ASSETCATALOG_COMPILER_APPICON_NAME = AppIcon;
				ASSETCATALOG_COMPILER_GLOBAL_ACCENT_COLOR_NAME = AccentColor;
				CODE_SIGN_STYLE = Automatic;
				CURRENT_PROJECT_VERSION = 1;
				DEVELOPMENT_ASSET_PATHS = "\"MyPath/Resources/Preview Content\"";
				DEVELOPMENT_TEAM = 7PSR4W6336;
				ENABLE_PREVIEWS = YES;
				ENABLE_USER_SCRIPT_SANDBOXING = NO;
				GENERATE_INFOPLIST_FILE = YES;
				INFOPLIST_KEY_NSCameraUsageDescription = "Need this permission";
				INFOPLIST_KEY_NSPhotoLibraryUsageDescription = "Need this permission.";
				INFOPLIST_KEY_UIApplicationSceneManifest_Generation = YES;
				INFOPLIST_KEY_UIApplicationSupportsIndirectInputEvents = YES;
				INFOPLIST_KEY_UILaunchScreen_Generation = YES;
				INFOPLIST_KEY_UISupportedInterfaceOrientations_iPad = "UIInterfaceOrientationPortrait UIInterfaceOrientationPortraitUpsideDown UIInterfaceOrientationLandscapeLeft UIInterfaceOrientationLandscapeRight";
				INFOPLIST_KEY_UISupportedInterfaceOrientations_iPhone = "UIInterfaceOrientationPortrait UIInterfaceOrientationLandscapeLeft UIInterfaceOrientationLandscapeRight";
				LD_RUNPATH_SEARCH_PATHS = (
					"$(inherited)",
					"@executable_path/Frameworks",
				);
				MARKETING_VERSION = 1.0;
				PRODUCT_BUNDLE_IDENTIFIER = org.87f846b77a7d85eb.MyPath;
				PRODUCT_NAME = "$(TARGET_NAME)";
				SWIFT_EMIT_LOC_STRINGS = YES;
				SWIFT_VERSION = 5.0;
				TARGETED_DEVICE_FAMILY = "1,2";
			};
			name = Release;
		};
		1187F1512CF4ED760068B243 /* Debug */ = {
			isa = XCBuildConfiguration;
			baseConfigurationReference = F29BA282AA5382580F62E531 /* Pods-MyPathTests.debug.xcconfig */;
			buildSettings = {
				ALWAYS_EMBED_SWIFT_STANDARD_LIBRARIES = YES;
				BUNDLE_LOADER = "$(TEST_HOST)";
				CODE_SIGN_STYLE = Automatic;
				CURRENT_PROJECT_VERSION = 1;
				DEVELOPMENT_TEAM = 7PSR4W6336;
				GENERATE_INFOPLIST_FILE = YES;
				IPHONEOS_DEPLOYMENT_TARGET = 17.5;
				MARKETING_VERSION = 1.0;
				PRODUCT_BUNDLE_IDENTIFIER = org.87f846b77a7d85eb.MyPathTests;
				PRODUCT_NAME = "$(TARGET_NAME)";
				SWIFT_EMIT_LOC_STRINGS = NO;
				SWIFT_VERSION = 5.0;
				TARGETED_DEVICE_FAMILY = "1,2";
				TEST_HOST = "$(BUILT_PRODUCTS_DIR)/MyPath.app/$(BUNDLE_EXECUTABLE_FOLDER_PATH)/MyPath";
			};
			name = Debug;
		};
		1187F1522CF4ED760068B243 /* Release */ = {
			isa = XCBuildConfiguration;
			baseConfigurationReference = 4E9C2F702799B629E8B75685 /* Pods-MyPathTests.release.xcconfig */;
			buildSettings = {
				ALWAYS_EMBED_SWIFT_STANDARD_LIBRARIES = YES;
				BUNDLE_LOADER = "$(TEST_HOST)";
				CODE_SIGN_STYLE = Automatic;
				CURRENT_PROJECT_VERSION = 1;
				DEVELOPMENT_TEAM = 7PSR4W6336;
				GENERATE_INFOPLIST_FILE = YES;
				IPHONEOS_DEPLOYMENT_TARGET = 17.5;
				MARKETING_VERSION = 1.0;
				PRODUCT_BUNDLE_IDENTIFIER = org.87f846b77a7d85eb.MyPathTests;
				PRODUCT_NAME = "$(TARGET_NAME)";
				SWIFT_EMIT_LOC_STRINGS = NO;
				SWIFT_VERSION = 5.0;
				TARGETED_DEVICE_FAMILY = "1,2";
				TEST_HOST = "$(BUILT_PRODUCTS_DIR)/MyPath.app/$(BUNDLE_EXECUTABLE_FOLDER_PATH)/MyPath";
			};
			name = Release;
		};
		1187F1542CF4ED760068B243 /* Debug */ = {
			isa = XCBuildConfiguration;
			baseConfigurationReference = 74E7582B3B3132192F04A32C /* Pods-MyPath-MyPathUITests.debug.xcconfig */;
			buildSettings = {
				ALWAYS_EMBED_SWIFT_STANDARD_LIBRARIES = YES;
				CODE_SIGN_STYLE = Automatic;
				CURRENT_PROJECT_VERSION = 1;
				DEVELOPMENT_TEAM = 7PSR4W6336;
				GENERATE_INFOPLIST_FILE = YES;
				MARKETING_VERSION = 1.0;
				PRODUCT_BUNDLE_IDENTIFIER = org.87f846b77a7d85eb.MyPathUITests;
				PRODUCT_NAME = "$(TARGET_NAME)";
				SWIFT_EMIT_LOC_STRINGS = NO;
				SWIFT_VERSION = 5.0;
				TARGETED_DEVICE_FAMILY = "1,2";
				TEST_TARGET_NAME = MyPath;
			};
			name = Debug;
		};
		1187F1552CF4ED760068B243 /* Release */ = {
			isa = XCBuildConfiguration;
			baseConfigurationReference = 3EFCDC624F1946A56D992222 /* Pods-MyPath-MyPathUITests.release.xcconfig */;
			buildSettings = {
				ALWAYS_EMBED_SWIFT_STANDARD_LIBRARIES = YES;
				CODE_SIGN_STYLE = Automatic;
				CURRENT_PROJECT_VERSION = 1;
				DEVELOPMENT_TEAM = 7PSR4W6336;
				GENERATE_INFOPLIST_FILE = YES;
				MARKETING_VERSION = 1.0;
				PRODUCT_BUNDLE_IDENTIFIER = org.87f846b77a7d85eb.MyPathUITests;
				PRODUCT_NAME = "$(TARGET_NAME)";
				SWIFT_EMIT_LOC_STRINGS = NO;
				SWIFT_VERSION = 5.0;
				TARGETED_DEVICE_FAMILY = "1,2";
				TEST_TARGET_NAME = MyPath;
			};
			name = Release;
		};
/* End XCBuildConfiguration section */

/* Begin XCConfigurationList section */
		1187F1222CF4ED720068B243 /* Build configuration list for PBXProject "MyPath" */ = {
			isa = XCConfigurationList;
			buildConfigurations = (
				1187F14B2CF4ED760068B243 /* Debug */,
				1187F14C2CF4ED760068B243 /* Release */,
			);
			defaultConfigurationIsVisible = 0;
			defaultConfigurationName = Release;
		};
		1187F14D2CF4ED760068B243 /* Build configuration list for PBXNativeTarget "MyPath" */ = {
			isa = XCConfigurationList;
			buildConfigurations = (
				1187F14E2CF4ED760068B243 /* Debug */,
				1187F14F2CF4ED760068B243 /* Release */,
			);
			defaultConfigurationIsVisible = 0;
			defaultConfigurationName = Release;
		};
		1187F1502CF4ED760068B243 /* Build configuration list for PBXNativeTarget "MyPathTests" */ = {
			isa = XCConfigurationList;
			buildConfigurations = (
				1187F1512CF4ED760068B243 /* Debug */,
				1187F1522CF4ED760068B243 /* Release */,
			);
			defaultConfigurationIsVisible = 0;
			defaultConfigurationName = Release;
		};
		1187F1532CF4ED760068B243 /* Build configuration list for PBXNativeTarget "MyPathUITests" */ = {
			isa = XCConfigurationList;
			buildConfigurations = (
				1187F1542CF4ED760068B243 /* Debug */,
				1187F1552CF4ED760068B243 /* Release */,
			);
			defaultConfigurationIsVisible = 0;
			defaultConfigurationName = Release;
		};
/* End XCConfigurationList section */
	};
	rootObject = 1187F11F2CF4ED720068B243 /* Project object */;
}
